// !$*UTF8*$!
{
	archiveVersion = 1;
	classes = {
	};
	objectVersion = 55;
	objects = {

/* Begin PBXBuildFile section */
		6E89259B28E5ED680038F035 /* AppDelegate.swift in Sources */ = {isa = PBXBuildFile; fileRef = 6E89259A28E5ED680038F035 /* AppDelegate.swift */; };
		6E89259D28E5ED680038F035 /* SceneDelegate.swift in Sources */ = {isa = PBXBuildFile; fileRef = 6E89259C28E5ED680038F035 /* SceneDelegate.swift */; };
		6E89259F28E5ED680038F035 /* ViewController.swift in Sources */ = {isa = PBXBuildFile; fileRef = 6E89259E28E5ED680038F035 /* ViewController.swift */; };
		6E8925A228E5ED680038F035 /* Main.storyboard in Resources */ = {isa = PBXBuildFile; fileRef = 6E8925A028E5ED680038F035 /* Main.storyboard */; };
		6E8925A428E5ED690038F035 /* Assets.xcassets in Resources */ = {isa = PBXBuildFile; fileRef = 6E8925A328E5ED690038F035 /* Assets.xcassets */; };
		6E8925A728E5ED690038F035 /* LaunchScreen.storyboard in Resources */ = {isa = PBXBuildFile; fileRef = 6E8925A528E5ED690038F035 /* LaunchScreen.storyboard */; };
		6E8925B228E5ED690038F035 /* Year_Long_Tech_Social_Media_AppTests.swift in Sources */ = {isa = PBXBuildFile; fileRef = 6E8925B128E5ED690038F035 /* Year_Long_Tech_Social_Media_AppTests.swift */; };
		6E8925BC28E5ED690038F035 /* Year_Long_Tech_Social_Media_AppUITests.swift in Sources */ = {isa = PBXBuildFile; fileRef = 6E8925BB28E5ED690038F035 /* Year_Long_Tech_Social_Media_AppUITests.swift */; };
		6E8925BE28E5ED690038F035 /* Year_Long_Tech_Social_Media_AppUITestsLaunchTests.swift in Sources */ = {isa = PBXBuildFile; fileRef = 6E8925BD28E5ED690038F035 /* Year_Long_Tech_Social_Media_AppUITestsLaunchTests.swift */; };
		6E8925CB28E5F42C0038F035 /* SettingsViewController.swift in Sources */ = {isa = PBXBuildFile; fileRef = 6E8925CA28E5F42C0038F035 /* SettingsViewController.swift */; };
/* End PBXBuildFile section */

/* Begin PBXContainerItemProxy section */
		6E8925AE28E5ED690038F035 /* PBXContainerItemProxy */ = {
			isa = PBXContainerItemProxy;
			containerPortal = 6E89258F28E5ED680038F035 /* Project object */;
			proxyType = 1;
			remoteGlobalIDString = 6E89259628E5ED680038F035;
			remoteInfo = "Year Long Tech Social Media App";
		};
		6E8925B828E5ED690038F035 /* PBXContainerItemProxy */ = {
			isa = PBXContainerItemProxy;
			containerPortal = 6E89258F28E5ED680038F035 /* Project object */;
			proxyType = 1;
			remoteGlobalIDString = 6E89259628E5ED680038F035;
			remoteInfo = "Year Long Tech Social Media App";
		};
/* End PBXContainerItemProxy section */

/* Begin PBXFileReference section */
		6E89259728E5ED680038F035 /* Year Long Tech Social Media App.app */ = {isa = PBXFileReference; explicitFileType = wrapper.application; includeInIndex = 0; path = "Year Long Tech Social Media App.app"; sourceTree = BUILT_PRODUCTS_DIR; };
		6E89259A28E5ED680038F035 /* AppDelegate.swift */ = {isa = PBXFileReference; lastKnownFileType = sourcecode.swift; path = AppDelegate.swift; sourceTree = "<group>"; };
		6E89259C28E5ED680038F035 /* SceneDelegate.swift */ = {isa = PBXFileReference; lastKnownFileType = sourcecode.swift; path = SceneDelegate.swift; sourceTree = "<group>"; };
		6E89259E28E5ED680038F035 /* ViewController.swift */ = {isa = PBXFileReference; lastKnownFileType = sourcecode.swift; path = ViewController.swift; sourceTree = "<group>"; };
		6E8925A128E5ED680038F035 /* Base */ = {isa = PBXFileReference; lastKnownFileType = file.storyboard; name = Base; path = Base.lproj/Main.storyboard; sourceTree = "<group>"; };
		6E8925A328E5ED690038F035 /* Assets.xcassets */ = {isa = PBXFileReference; lastKnownFileType = folder.assetcatalog; path = Assets.xcassets; sourceTree = "<group>"; };
		6E8925A628E5ED690038F035 /* Base */ = {isa = PBXFileReference; lastKnownFileType = file.storyboard; name = Base; path = Base.lproj/LaunchScreen.storyboard; sourceTree = "<group>"; };
		6E8925A828E5ED690038F035 /* Info.plist */ = {isa = PBXFileReference; lastKnownFileType = text.plist.xml; path = Info.plist; sourceTree = "<group>"; };
		6E8925AD28E5ED690038F035 /* Year Long Tech Social Media AppTests.xctest */ = {isa = PBXFileReference; explicitFileType = wrapper.cfbundle; includeInIndex = 0; path = "Year Long Tech Social Media AppTests.xctest"; sourceTree = BUILT_PRODUCTS_DIR; };
		6E8925B128E5ED690038F035 /* Year_Long_Tech_Social_Media_AppTests.swift */ = {isa = PBXFileReference; lastKnownFileType = sourcecode.swift; path = Year_Long_Tech_Social_Media_AppTests.swift; sourceTree = "<group>"; };
		6E8925B728E5ED690038F035 /* Year Long Tech Social Media AppUITests.xctest */ = {isa = PBXFileReference; explicitFileType = wrapper.cfbundle; includeInIndex = 0; path = "Year Long Tech Social Media AppUITests.xctest"; sourceTree = BUILT_PRODUCTS_DIR; };
		6E8925BB28E5ED690038F035 /* Year_Long_Tech_Social_Media_AppUITests.swift */ = {isa = PBXFileReference; lastKnownFileType = sourcecode.swift; path = Year_Long_Tech_Social_Media_AppUITests.swift; sourceTree = "<group>"; };
		6E8925BD28E5ED690038F035 /* Year_Long_Tech_Social_Media_AppUITestsLaunchTests.swift */ = {isa = PBXFileReference; lastKnownFileType = sourcecode.swift; path = Year_Long_Tech_Social_Media_AppUITestsLaunchTests.swift; sourceTree = "<group>"; };
		6E8925CA28E5F42C0038F035 /* SettingsViewController.swift */ = {isa = PBXFileReference; lastKnownFileType = sourcecode.swift; path = SettingsViewController.swift; sourceTree = "<group>"; };
/* End PBXFileReference section */

/* Begin PBXFrameworksBuildPhase section */
		6E89259428E5ED680038F035 /* Frameworks */ = {
			isa = PBXFrameworksBuildPhase;
			buildActionMask = 2147483647;
			files = (
			);
			runOnlyForDeploymentPostprocessing = 0;
		};
		6E8925AA28E5ED690038F035 /* Frameworks */ = {
			isa = PBXFrameworksBuildPhase;
			buildActionMask = 2147483647;
			files = (
			);
			runOnlyForDeploymentPostprocessing = 0;
		};
		6E8925B428E5ED690038F035 /* Frameworks */ = {
			isa = PBXFrameworksBuildPhase;
			buildActionMask = 2147483647;
			files = (
			);
			runOnlyForDeploymentPostprocessing = 0;
		};
/* End PBXFrameworksBuildPhase section */

/* Begin PBXGroup section */
		6E89258E28E5ED680038F035 = {
			isa = PBXGroup;
			children = (
				6E8925CA28E5F42C0038F035 /* SettingsViewController.swift */,
				6E89259928E5ED680038F035 /* Year Long Tech Social Media App */,
				6E8925B028E5ED690038F035 /* Year Long Tech Social Media AppTests */,
				6E8925BA28E5ED690038F035 /* Year Long Tech Social Media AppUITests */,
				6E89259828E5ED680038F035 /* Products */,
			);
			sourceTree = "<group>";
		};
		6E89259828E5ED680038F035 /* Products */ = {
			isa = PBXGroup;
			children = (
				6E89259728E5ED680038F035 /* Year Long Tech Social Media App.app */,
				6E8925AD28E5ED690038F035 /* Year Long Tech Social Media AppTests.xctest */,
				6E8925B728E5ED690038F035 /* Year Long Tech Social Media AppUITests.xctest */,
			);
			name = Products;
			sourceTree = "<group>";
		};
		6E89259928E5ED680038F035 /* Year Long Tech Social Media App */ = {
			isa = PBXGroup;
			children = (
				6E89259A28E5ED680038F035 /* AppDelegate.swift */,
				6E89259C28E5ED680038F035 /* SceneDelegate.swift */,
				6E89259E28E5ED680038F035 /* ViewController.swift */,
				6E8925A028E5ED680038F035 /* Main.storyboard */,
				6E8925A328E5ED690038F035 /* Assets.xcassets */,
				6E8925A528E5ED690038F035 /* LaunchScreen.storyboard */,
				6E8925A828E5ED690038F035 /* Info.plist */,
			);
			path = "Year Long Tech Social Media App";
			sourceTree = "<group>";
		};
		6E8925B028E5ED690038F035 /* Year Long Tech Social Media AppTests */ = {
			isa = PBXGroup;
			children = (
				6E8925B128E5ED690038F035 /* Year_Long_Tech_Social_Media_AppTests.swift */,
			);
			path = "Year Long Tech Social Media AppTests";
			sourceTree = "<group>";
		};
		6E8925BA28E5ED690038F035 /* Year Long Tech Social Media AppUITests */ = {
			isa = PBXGroup;
			children = (
				6E8925BB28E5ED690038F035 /* Year_Long_Tech_Social_Media_AppUITests.swift */,
				6E8925BD28E5ED690038F035 /* Year_Long_Tech_Social_Media_AppUITestsLaunchTests.swift */,
			);
			path = "Year Long Tech Social Media AppUITests";
			sourceTree = "<group>";
		};
/* End PBXGroup section */

/* Begin PBXNativeTarget section */
		6E89259628E5ED680038F035 /* Year Long Tech Social Media App */ = {
			isa = PBXNativeTarget;
			buildConfigurationList = 6E8925C128E5ED690038F035 /* Build configuration list for PBXNativeTarget "Year Long Tech Social Media App" */;
			buildPhases = (
				6E89259328E5ED680038F035 /* Sources */,
				6E89259428E5ED680038F035 /* Frameworks */,
				6E89259528E5ED680038F035 /* Resources */,
			);
			buildRules = (
			);
			dependencies = (
			);
			name = "Year Long Tech Social Media App";
			productName = "Year Long Tech Social Media App";
			productReference = 6E89259728E5ED680038F035 /* Year Long Tech Social Media App.app */;
			productType = "com.apple.product-type.application";
		};
		6E8925AC28E5ED690038F035 /* Year Long Tech Social Media AppTests */ = {
			isa = PBXNativeTarget;
			buildConfigurationList = 6E8925C428E5ED690038F035 /* Build configuration list for PBXNativeTarget "Year Long Tech Social Media AppTests" */;
			buildPhases = (
				6E8925A928E5ED690038F035 /* Sources */,
				6E8925AA28E5ED690038F035 /* Frameworks */,
				6E8925AB28E5ED690038F035 /* Resources */,
			);
			buildRules = (
			);
			dependencies = (
				6E8925AF28E5ED690038F035 /* PBXTargetDependency */,
			);
			name = "Year Long Tech Social Media AppTests";
			productName = "Year Long Tech Social Media AppTests";
			productReference = 6E8925AD28E5ED690038F035 /* Year Long Tech Social Media AppTests.xctest */;
			productType = "com.apple.product-type.bundle.unit-test";
		};
		6E8925B628E5ED690038F035 /* Year Long Tech Social Media AppUITests */ = {
			isa = PBXNativeTarget;
			buildConfigurationList = 6E8925C728E5ED690038F035 /* Build configuration list for PBXNativeTarget "Year Long Tech Social Media AppUITests" */;
			buildPhases = (
				6E8925B328E5ED690038F035 /* Sources */,
				6E8925B428E5ED690038F035 /* Frameworks */,
				6E8925B528E5ED690038F035 /* Resources */,
			);
			buildRules = (
			);
			dependencies = (
				6E8925B928E5ED690038F035 /* PBXTargetDependency */,
			);
			name = "Year Long Tech Social Media AppUITests";
			productName = "Year Long Tech Social Media AppUITests";
			productReference = 6E8925B728E5ED690038F035 /* Year Long Tech Social Media AppUITests.xctest */;
			productType = "com.apple.product-type.bundle.ui-testing";
		};
/* End PBXNativeTarget section */

/* Begin PBXProject section */
		6E89258F28E5ED680038F035 /* Project object */ = {
			isa = PBXProject;
			attributes = {
				BuildIndependentTargetsInParallel = 1;
				LastSwiftUpdateCheck = 1340;
				LastUpgradeCheck = 1340;
				TargetAttributes = {
					6E89259628E5ED680038F035 = {
						CreatedOnToolsVersion = 13.4.1;
					};
					6E8925AC28E5ED690038F035 = {
						CreatedOnToolsVersion = 13.4.1;
						TestTargetID = 6E89259628E5ED680038F035;
					};
					6E8925B628E5ED690038F035 = {
						CreatedOnToolsVersion = 13.4.1;
						TestTargetID = 6E89259628E5ED680038F035;
					};
				};
			};
			buildConfigurationList = 6E89259228E5ED680038F035 /* Build configuration list for PBXProject "Year Long Tech Social Media App" */;
			compatibilityVersion = "Xcode 13.0";
			developmentRegion = en;
			hasScannedForEncodings = 0;
			knownRegions = (
				en,
				Base,
			);
			mainGroup = 6E89258E28E5ED680038F035;
			productRefGroup = 6E89259828E5ED680038F035 /* Products */;
			projectDirPath = "";
			projectRoot = "";
			targets = (
				6E89259628E5ED680038F035 /* Year Long Tech Social Media App */,
				6E8925AC28E5ED690038F035 /* Year Long Tech Social Media AppTests */,
				6E8925B628E5ED690038F035 /* Year Long Tech Social Media AppUITests */,
			);
		};
/* End PBXProject section */

/* Begin PBXResourcesBuildPhase section */
		6E89259528E5ED680038F035 /* Resources */ = {
			isa = PBXResourcesBuildPhase;
			buildActionMask = 2147483647;
			files = (
				6E8925A728E5ED690038F035 /* LaunchScreen.storyboard in Resources */,
				6E8925A428E5ED690038F035 /* Assets.xcassets in Resources */,
				6E8925A228E5ED680038F035 /* Main.storyboard in Resources */,
			);
			runOnlyForDeploymentPostprocessing = 0;
		};
		6E8925AB28E5ED690038F035 /* Resources */ = {
			isa = PBXResourcesBuildPhase;
			buildActionMask = 2147483647;
			files = (
			);
			runOnlyForDeploymentPostprocessing = 0;
		};
		6E8925B528E5ED690038F035 /* Resources */ = {
			isa = PBXResourcesBuildPhase;
			buildActionMask = 2147483647;
			files = (
			);
			runOnlyForDeploymentPostprocessing = 0;
		};
/* End PBXResourcesBuildPhase section */

/* Begin PBXSourcesBuildPhase section */
		6E89259328E5ED680038F035 /* Sources */ = {
			isa = PBXSourcesBuildPhase;
			buildActionMask = 2147483647;
			files = (
				6E89259F28E5ED680038F035 /* ViewController.swift in Sources */,
				6E89259B28E5ED680038F035 /* AppDelegate.swift in Sources */,
				6E89259D28E5ED680038F035 /* SceneDelegate.swift in Sources */,
				6E8925CB28E5F42C0038F035 /* SettingsViewController.swift in Sources */,
			);
			runOnlyForDeploymentPostprocessing = 0;
		};
		6E8925A928E5ED690038F035 /* Sources */ = {
			isa = PBXSourcesBuildPhase;
			buildActionMask = 2147483647;
			files = (
				6E8925B228E5ED690038F035 /* Year_Long_Tech_Social_Media_AppTests.swift in Sources */,
			);
			runOnlyForDeploymentPostprocessing = 0;
		};
		6E8925B328E5ED690038F035 /* Sources */ = {
			isa = PBXSourcesBuildPhase;
			buildActionMask = 2147483647;
			files = (
				6E8925BC28E5ED690038F035 /* Year_Long_Tech_Social_Media_AppUITests.swift in Sources */,
				6E8925BE28E5ED690038F035 /* Year_Long_Tech_Social_Media_AppUITestsLaunchTests.swift in Sources */,
			);
			runOnlyForDeploymentPostprocessing = 0;
		};
/* End PBXSourcesBuildPhase section */

/* Begin PBXTargetDependency section */
		6E8925AF28E5ED690038F035 /* PBXTargetDependency */ = {
			isa = PBXTargetDependency;
			target = 6E89259628E5ED680038F035 /* Year Long Tech Social Media App */;
			targetProxy = 6E8925AE28E5ED690038F035 /* PBXContainerItemProxy */;
		};
		6E8925B928E5ED690038F035 /* PBXTargetDependency */ = {
			isa = PBXTargetDependency;
			target = 6E89259628E5ED680038F035 /* Year Long Tech Social Media App */;
			targetProxy = 6E8925B828E5ED690038F035 /* PBXContainerItemProxy */;
		};
/* End PBXTargetDependency section */

/* Begin PBXVariantGroup section */
		6E8925A028E5ED680038F035 /* Main.storyboard */ = {
			isa = PBXVariantGroup;
			children = (
				6E8925A128E5ED680038F035 /* Base */,
			);
			name = Main.storyboard;
			sourceTree = "<group>";
		};
		6E8925A528E5ED690038F035 /* LaunchScreen.storyboard */ = {
			isa = PBXVariantGroup;
			children = (
				6E8925A628E5ED690038F035 /* Base */,
			);
			name = LaunchScreen.storyboard;
			sourceTree = "<group>";
		};
/* End PBXVariantGroup section */

/* Begin XCBuildConfiguration section */
		6E8925BF28E5ED690038F035 /* Debug */ = {
			isa = XCBuildConfiguration;
			buildSettings = {
				ALWAYS_SEARCH_USER_PATHS = NO;
				CLANG_ANALYZER_NONNULL = YES;
				CLANG_ANALYZER_NUMBER_OBJECT_CONVERSION = YES_AGGRESSIVE;
				CLANG_CXX_LANGUAGE_STANDARD = "gnu++17";
				CLANG_ENABLE_MODULES = YES;
				CLANG_ENABLE_OBJC_ARC = YES;
				CLANG_ENABLE_OBJC_WEAK = YES;
				CLANG_WARN_BLOCK_CAPTURE_AUTORELEASING = YES;
				CLANG_WARN_BOOL_CONVERSION = YES;
				CLANG_WARN_COMMA = YES;
				CLANG_WARN_CONSTANT_CONVERSION = YES;
				CLANG_WARN_DEPRECATED_OBJC_IMPLEMENTATIONS = YES;
				CLANG_WARN_DIRECT_OBJC_ISA_USAGE = YES_ERROR;
				CLANG_WARN_DOCUMENTATION_COMMENTS = YES;
				CLANG_WARN_EMPTY_BODY = YES;
				CLANG_WARN_ENUM_CONVERSION = YES;
				CLANG_WARN_INFINITE_RECURSION = YES;
				CLANG_WARN_INT_CONVERSION = YES;
				CLANG_WARN_NON_LITERAL_NULL_CONVERSION = YES;
				CLANG_WARN_OBJC_IMPLICIT_RETAIN_SELF = YES;
				CLANG_WARN_OBJC_LITERAL_CONVERSION = YES;
				CLANG_WARN_OBJC_ROOT_CLASS = YES_ERROR;
				CLANG_WARN_QUOTED_INCLUDE_IN_FRAMEWORK_HEADER = YES;
				CLANG_WARN_RANGE_LOOP_ANALYSIS = YES;
				CLANG_WARN_STRICT_PROTOTYPES = YES;
				CLANG_WARN_SUSPICIOUS_MOVE = YES;
				CLANG_WARN_UNGUARDED_AVAILABILITY = YES_AGGRESSIVE;
				CLANG_WARN_UNREACHABLE_CODE = YES;
				CLANG_WARN__DUPLICATE_METHOD_MATCH = YES;
				COPY_PHASE_STRIP = NO;
				DEBUG_INFORMATION_FORMAT = dwarf;
				ENABLE_STRICT_OBJC_MSGSEND = YES;
				ENABLE_TESTABILITY = YES;
				GCC_C_LANGUAGE_STANDARD = gnu11;
				GCC_DYNAMIC_NO_PIC = NO;
				GCC_NO_COMMON_BLOCKS = YES;
				GCC_OPTIMIZATION_LEVEL = 0;
				GCC_PREPROCESSOR_DEFINITIONS = (
					"DEBUG=1",
					"$(inherited)",
				);
				GCC_WARN_64_TO_32_BIT_CONVERSION = YES;
				GCC_WARN_ABOUT_RETURN_TYPE = YES_ERROR;
				GCC_WARN_UNDECLARED_SELECTOR = YES;
				GCC_WARN_UNINITIALIZED_AUTOS = YES_AGGRESSIVE;
				GCC_WARN_UNUSED_FUNCTION = YES;
				GCC_WARN_UNUSED_VARIABLE = YES;
				IPHONEOS_DEPLOYMENT_TARGET = 15.5;
				MTL_ENABLE_DEBUG_INFO = INCLUDE_SOURCE;
				MTL_FAST_MATH = YES;
				ONLY_ACTIVE_ARCH = YES;
				SDKROOT = iphoneos;
				SWIFT_ACTIVE_COMPILATION_CONDITIONS = DEBUG;
				SWIFT_OPTIMIZATION_LEVEL = "-Onone";
			};
			name = Debug;
		};
		6E8925C028E5ED690038F035 /* Release */ = {
			isa = XCBuildConfiguration;
			buildSettings = {
				ALWAYS_SEARCH_USER_PATHS = NO;
				CLANG_ANALYZER_NONNULL = YES;
				CLANG_ANALYZER_NUMBER_OBJECT_CONVERSION = YES_AGGRESSIVE;
				CLANG_CXX_LANGUAGE_STANDARD = "gnu++17";
				CLANG_ENABLE_MODULES = YES;
				CLANG_ENABLE_OBJC_ARC = YES;
				CLANG_ENABLE_OBJC_WEAK = YES;
				CLANG_WARN_BLOCK_CAPTURE_AUTORELEASING = YES;
				CLANG_WARN_BOOL_CONVERSION = YES;
				CLANG_WARN_COMMA = YES;
				CLANG_WARN_CONSTANT_CONVERSION = YES;
				CLANG_WARN_DEPRECATED_OBJC_IMPLEMENTATIONS = YES;
				CLANG_WARN_DIRECT_OBJC_ISA_USAGE = YES_ERROR;
				CLANG_WARN_DOCUMENTATION_COMMENTS = YES;
				CLANG_WARN_EMPTY_BODY = YES;
				CLANG_WARN_ENUM_CONVERSION = YES;
				CLANG_WARN_INFINITE_RECURSION = YES;
				CLANG_WARN_INT_CONVERSION = YES;
				CLANG_WARN_NON_LITERAL_NULL_CONVERSION = YES;
				CLANG_WARN_OBJC_IMPLICIT_RETAIN_SELF = YES;
				CLANG_WARN_OBJC_LITERAL_CONVERSION = YES;
				CLANG_WARN_OBJC_ROOT_CLASS = YES_ERROR;
				CLANG_WARN_QUOTED_INCLUDE_IN_FRAMEWORK_HEADER = YES;
				CLANG_WARN_RANGE_LOOP_ANALYSIS = YES;
				CLANG_WARN_STRICT_PROTOTYPES = YES;
				CLANG_WARN_SUSPICIOUS_MOVE = YES;
				CLANG_WARN_UNGUARDED_AVAILABILITY = YES_AGGRESSIVE;
				CLANG_WARN_UNREACHABLE_CODE = YES;
				CLANG_WARN__DUPLICATE_METHOD_MATCH = YES;
				COPY_PHASE_STRIP = NO;
				DEBUG_INFORMATION_FORMAT = "dwarf-with-dsym";
				ENABLE_NS_ASSERTIONS = NO;
				ENABLE_STRICT_OBJC_MSGSEND = YES;
				GCC_C_LANGUAGE_STANDARD = gnu11;
				GCC_NO_COMMON_BLOCKS = YES;
				GCC_WARN_64_TO_32_BIT_CONVERSION = YES;
				GCC_WARN_ABOUT_RETURN_TYPE = YES_ERROR;
				GCC_WARN_UNDECLARED_SELECTOR = YES;
				GCC_WARN_UNINITIALIZED_AUTOS = YES_AGGRESSIVE;
				GCC_WARN_UNUSED_FUNCTION = YES;
				GCC_WARN_UNUSED_VARIABLE = YES;
				IPHONEOS_DEPLOYMENT_TARGET = 15.5;
				MTL_ENABLE_DEBUG_INFO = NO;
				MTL_FAST_MATH = YES;
				SDKROOT = iphoneos;
				SWIFT_COMPILATION_MODE = wholemodule;
				SWIFT_OPTIMIZATION_LEVEL = "-O";
				VALIDATE_PRODUCT = YES;
			};
			name = Release;
		};
		6E8925C228E5ED690038F035 /* Debug */ = {
			isa = XCBuildConfiguration;
			buildSettings = {
				ASSETCATALOG_COMPILER_APPICON_NAME = AppIcon;
				ASSETCATALOG_COMPILER_GLOBAL_ACCENT_COLOR_NAME = AccentColor;
				CODE_SIGN_STYLE = Automatic;
				CURRENT_PROJECT_VERSION = 1;
				DEVELOPMENT_TEAM = 44ACMKKR6R;
				GENERATE_INFOPLIST_FILE = YES;
				INFOPLIST_FILE = "Year Long Tech Social Media App/Info.plist";
				INFOPLIST_KEY_UIApplicationSupportsIndirectInputEvents = YES;
				INFOPLIST_KEY_UILaunchStoryboardName = LaunchScreen;
				INFOPLIST_KEY_UIMainStoryboardFile = Main;
				INFOPLIST_KEY_UISupportedInterfaceOrientations_iPad = "UIInterfaceOrientationPortrait UIInterfaceOrientationPortraitUpsideDown UIInterfaceOrientationLandscapeLeft UIInterfaceOrientationLandscapeRight";
				INFOPLIST_KEY_UISupportedInterfaceOrientations_iPhone = "UIInterfaceOrientationPortrait UIInterfaceOrientationLandscapeLeft UIInterfaceOrientationLandscapeRight";
				LD_RUNPATH_SEARCH_PATHS = (
					"$(inherited)",
					"@executable_path/Frameworks",
				);
				MARKETING_VERSION = 1.0;
				PRODUCT_BUNDLE_IDENTIFIER = "class.Year-Long-Tech-Social-Media-App";
				PRODUCT_NAME = "$(TARGET_NAME)";
				SWIFT_EMIT_LOC_STRINGS = YES;
				SWIFT_VERSION = 5.0;
				TARGETED_DEVICE_FAMILY = "1,2";
			};
			name = Debug;
		};
		6E8925C328E5ED690038F035 /* Release */ = {
			isa = XCBuildConfiguration;
			buildSettings = {
				ASSETCATALOG_COMPILER_APPICON_NAME = AppIcon;
				ASSETCATALOG_COMPILER_GLOBAL_ACCENT_COLOR_NAME = AccentColor;
				CODE_SIGN_STYLE = Automatic;
				CURRENT_PROJECT_VERSION = 1;
				DEVELOPMENT_TEAM = 44ACMKKR6R;
				GENERATE_INFOPLIST_FILE = YES;
				INFOPLIST_FILE = "Year Long Tech Social Media App/Info.plist";
				INFOPLIST_KEY_UIApplicationSupportsIndirectInputEvents = YES;
				INFOPLIST_KEY_UILaunchStoryboardName = LaunchScreen;
				INFOPLIST_KEY_UIMainStoryboardFile = Main;
				INFOPLIST_KEY_UISupportedInterfaceOrientations_iPad = "UIInterfaceOrientationPortrait UIInterfaceOrientationPortraitUpsideDown UIInterfaceOrientationLandscapeLeft UIInterfaceOrientationLandscapeRight";
				INFOPLIST_KEY_UISupportedInterfaceOrientations_iPhone = "UIInterfaceOrientationPortrait UIInterfaceOrientationLandscapeLeft UIInterfaceOrientationLandscapeRight";
				LD_RUNPATH_SEARCH_PATHS = (
					"$(inherited)",
					"@executable_path/Frameworks",
				);
				MARKETING_VERSION = 1.0;
				PRODUCT_BUNDLE_IDENTIFIER = "class.Year-Long-Tech-Social-Media-App";
				PRODUCT_NAME = "$(TARGET_NAME)";
				SWIFT_EMIT_LOC_STRINGS = YES;
				SWIFT_VERSION = 5.0;
				TARGETED_DEVICE_FAMILY = "1,2";
			};
			name = Release;
		};
		6E8925C528E5ED690038F035 /* Debug */ = {
			isa = XCBuildConfiguration;
			buildSettings = {
				ALWAYS_EMBED_SWIFT_STANDARD_LIBRARIES = YES;
				BUNDLE_LOADER = "$(TEST_HOST)";
				CODE_SIGN_STYLE = Automatic;
				CURRENT_PROJECT_VERSION = 1;
				DEVELOPMENT_TEAM = 44ACMKKR6R;
				GENERATE_INFOPLIST_FILE = YES;
				IPHONEOS_DEPLOYMENT_TARGET = 15.5;
				MARKETING_VERSION = 1.0;
				PRODUCT_BUNDLE_IDENTIFIER = "class.Year-Long-Tech-Social-Media-AppTests";
				PRODUCT_NAME = "$(TARGET_NAME)";
				SWIFT_EMIT_LOC_STRINGS = NO;
				SWIFT_VERSION = 5.0;
				TARGETED_DEVICE_FAMILY = "1,2";
				TEST_HOST = "$(BUILT_PRODUCTS_DIR)/Year Long Tech Social Media App.app/Year Long Tech Social Media App";
			};
			name = Debug;
		};
		6E8925C628E5ED690038F035 /* Release */ = {
			isa = XCBuildConfiguration;
			buildSettings = {
				ALWAYS_EMBED_SWIFT_STANDARD_LIBRARIES = YES;
				BUNDLE_LOADER = "$(TEST_HOST)";
				CODE_SIGN_STYLE = Automatic;
				CURRENT_PROJECT_VERSION = 1;
				DEVELOPMENT_TEAM = 44ACMKKR6R;
				GENERATE_INFOPLIST_FILE = YES;
				IPHONEOS_DEPLOYMENT_TARGET = 15.5;
				MARKETING_VERSION = 1.0;
				PRODUCT_BUNDLE_IDENTIFIER = "class.Year-Long-Tech-Social-Media-AppTests";
				PRODUCT_NAME = "$(TARGET_NAME)";
				SWIFT_EMIT_LOC_STRINGS = NO;
				SWIFT_VERSION = 5.0;
				TARGETED_DEVICE_FAMILY = "1,2";
				TEST_HOST = "$(BUILT_PRODUCTS_DIR)/Year Long Tech Social Media App.app/Year Long Tech Social Media App";
			};
			name = Release;
		};
		6E8925C828E5ED690038F035 /* Debug */ = {
			isa = XCBuildConfiguration;
			buildSettings = {
				ALWAYS_EMBED_SWIFT_STANDARD_LIBRARIES = YES;
				CODE_SIGN_STYLE = Automatic;
				CURRENT_PROJECT_VERSION = 1;
				DEVELOPMENT_TEAM = 44ACMKKR6R;
				GENERATE_INFOPLIST_FILE = YES;
				MARKETING_VERSION = 1.0;
				PRODUCT_BUNDLE_IDENTIFIER = "class.Year-Long-Tech-Social-Media-AppUITests";
				PRODUCT_NAME = "$(TARGET_NAME)";
				SWIFT_EMIT_LOC_STRINGS = NO;
				SWIFT_VERSION = 5.0;
				TARGETED_DEVICE_FAMILY = "1,2";
				TEST_TARGET_NAME = "Year Long Tech Social Media App";
			};
			name = Debug;
		};
		6E8925C928E5ED690038F035 /* Release */ = {
			isa = XCBuildConfiguration;
			buildSettings = {
				ALWAYS_EMBED_SWIFT_STANDARD_LIBRARIES = YES;
				CODE_SIGN_STYLE = Automatic;
				CURRENT_PROJECT_VERSION = 1;
				DEVELOPMENT_TEAM = 44ACMKKR6R;
				GENERATE_INFOPLIST_FILE = YES;
				MARKETING_VERSION = 1.0;
				PRODUCT_BUNDLE_IDENTIFIER = "class.Year-Long-Tech-Social-Media-AppUITests";
				PRODUCT_NAME = "$(TARGET_NAME)";
				SWIFT_EMIT_LOC_STRINGS = NO;
				SWIFT_VERSION = 5.0;
				TARGETED_DEVICE_FAMILY = "1,2";
				TEST_TARGET_NAME = "Year Long Tech Social Media App";
			};
			name = Release;
		};
/* End XCBuildConfiguration section */

/* Begin XCConfigurationList section */
		6E89259228E5ED680038F035 /* Build configuration list for PBXProject "Year Long Tech Social Media App" */ = {
			isa = XCConfigurationList;
			buildConfigurations = (
				6E8925BF28E5ED690038F035 /* Debug */,
				6E8925C028E5ED690038F035 /* Release */,
			);
			defaultConfigurationIsVisible = 0;
			defaultConfigurationName = Release;
		};
		6E8925C128E5ED690038F035 /* Build configuration list for PBXNativeTarget "Year Long Tech Social Media App" */ = {
			isa = XCConfigurationList;
			buildConfigurations = (
				6E8925C228E5ED690038F035 /* Debug */,
				6E8925C328E5ED690038F035 /* Release */,
			);
			defaultConfigurationIsVisible = 0;
			defaultConfigurationName = Release;
		};
		6E8925C428E5ED690038F035 /* Build configuration list for PBXNativeTarget "Year Long Tech Social Media AppTests" */ = {
			isa = XCConfigurationList;
			buildConfigurations = (
				6E8925C528E5ED690038F035 /* Debug */,
				6E8925C628E5ED690038F035 /* Release */,
			);
			defaultConfigurationIsVisible = 0;
			defaultConfigurationName = Release;
		};
		6E8925C728E5ED690038F035 /* Build configuration list for PBXNativeTarget "Year Long Tech Social Media AppUITests" */ = {
			isa = XCConfigurationList;
			buildConfigurations = (
				6E8925C828E5ED690038F035 /* Debug */,
				6E8925C928E5ED690038F035 /* Release */,
			);
			defaultConfigurationIsVisible = 0;
			defaultConfigurationName = Release;
		};
/* End XCConfigurationList section */
	};
	rootObject = 6E89258F28E5ED680038F035 /* Project object */;
}
