// !$*UTF8*$!
{
	archiveVersion = 1;
	classes = {
	};
	objectVersion = 55;
	objects = {

/* Begin PBXBuildFile section */
		6EAB85F228BF9A06001CD5B2 /* Tests_iOS.swift in Sources */ = {isa = PBXBuildFile; fileRef = 6EAB85F128BF9A06001CD5B2 /* Tests_iOS.swift */; };
		6EAB85F428BF9A06001CD5B2 /* Tests_iOSLaunchTests.swift in Sources */ = {isa = PBXBuildFile; fileRef = 6EAB85F328BF9A06001CD5B2 /* Tests_iOSLaunchTests.swift */; };
		6EAB85FE28BF9A06001CD5B2 /* Tests_macOS.swift in Sources */ = {isa = PBXBuildFile; fileRef = 6EAB85FD28BF9A06001CD5B2 /* Tests_macOS.swift */; };
		6EAB860028BF9A06001CD5B2 /* Tests_macOSLaunchTests.swift in Sources */ = {isa = PBXBuildFile; fileRef = 6EAB85FF28BF9A06001CD5B2 /* Tests_macOSLaunchTests.swift */; };
		6EAB860128BF9A06001CD5B2 /* practice_appApp.swift in Sources */ = {isa = PBXBuildFile; fileRef = 6EAB85D928BF9A05001CD5B2 /* practice_appApp.swift */; };
		6EAB860228BF9A06001CD5B2 /* practice_appApp.swift in Sources */ = {isa = PBXBuildFile; fileRef = 6EAB85D928BF9A05001CD5B2 /* practice_appApp.swift */; };
		6EAB860328BF9A06001CD5B2 /* ContentView.swift in Sources */ = {isa = PBXBuildFile; fileRef = 6EAB85DA28BF9A05001CD5B2 /* ContentView.swift */; };
		6EAB860428BF9A06001CD5B2 /* ContentView.swift in Sources */ = {isa = PBXBuildFile; fileRef = 6EAB85DA28BF9A05001CD5B2 /* ContentView.swift */; };
		6EAB860528BF9A06001CD5B2 /* Assets.xcassets in Resources */ = {isa = PBXBuildFile; fileRef = 6EAB85DB28BF9A06001CD5B2 /* Assets.xcassets */; };
		6EAB860628BF9A06001CD5B2 /* Assets.xcassets in Resources */ = {isa = PBXBuildFile; fileRef = 6EAB85DB28BF9A06001CD5B2 /* Assets.xcassets */; };
/* End PBXBuildFile section */

/* Begin PBXContainerItemProxy section */
		6EAB85EE28BF9A06001CD5B2 /* PBXContainerItemProxy */ = {
			isa = PBXContainerItemProxy;
			containerPortal = 6EAB85D428BF9A05001CD5B2 /* Project object */;
			proxyType = 1;
			remoteGlobalIDString = 6EAB85DF28BF9A06001CD5B2;
			remoteInfo = "practice app (iOS)";
		};
		6EAB85FA28BF9A06001CD5B2 /* PBXContainerItemProxy */ = {
			isa = PBXContainerItemProxy;
			containerPortal = 6EAB85D428BF9A05001CD5B2 /* Project object */;
			proxyType = 1;
			remoteGlobalIDString = 6EAB85E528BF9A06001CD5B2;
			remoteInfo = "practice app (macOS)";
		};
/* End PBXContainerItemProxy section */

/* Begin PBXFileReference section */
		6EAB85D928BF9A05001CD5B2 /* practice_appApp.swift */ = {isa = PBXFileReference; lastKnownFileType = sourcecode.swift; path = practice_appApp.swift; sourceTree = "<group>"; };
		6EAB85DA28BF9A05001CD5B2 /* ContentView.swift */ = {isa = PBXFileReference; lastKnownFileType = sourcecode.swift; path = ContentView.swift; sourceTree = "<group>"; };
		6EAB85DB28BF9A06001CD5B2 /* Assets.xcassets */ = {isa = PBXFileReference; lastKnownFileType = folder.assetcatalog; path = Assets.xcassets; sourceTree = "<group>"; };
		6EAB85E028BF9A06001CD5B2 /* practice app.app */ = {isa = PBXFileReference; explicitFileType = wrapper.application; includeInIndex = 0; path = "practice app.app"; sourceTree = BUILT_PRODUCTS_DIR; };
		6EAB85E628BF9A06001CD5B2 /* practice app.app */ = {isa = PBXFileReference; explicitFileType = wrapper.application; includeInIndex = 0; path = "practice app.app"; sourceTree = BUILT_PRODUCTS_DIR; };
		6EAB85E828BF9A06001CD5B2 /* macOS.entitlements */ = {isa = PBXFileReference; lastKnownFileType = text.plist.entitlements; path = macOS.entitlements; sourceTree = "<group>"; };
		6EAB85ED28BF9A06001CD5B2 /* Tests iOS.xctest */ = {isa = PBXFileReference; explicitFileType = wrapper.cfbundle; includeInIndex = 0; path = "Tests iOS.xctest"; sourceTree = BUILT_PRODUCTS_DIR; };
		6EAB85F128BF9A06001CD5B2 /* Tests_iOS.swift */ = {isa = PBXFileReference; lastKnownFileType = sourcecode.swift; path = Tests_iOS.swift; sourceTree = "<group>"; };
		6EAB85F328BF9A06001CD5B2 /* Tests_iOSLaunchTests.swift */ = {isa = PBXFileReference; lastKnownFileType = sourcecode.swift; path = Tests_iOSLaunchTests.swift; sourceTree = "<group>"; };
		6EAB85F928BF9A06001CD5B2 /* Tests macOS.xctest */ = {isa = PBXFileReference; explicitFileType = wrapper.cfbundle; includeInIndex = 0; path = "Tests macOS.xctest"; sourceTree = BUILT_PRODUCTS_DIR; };
		6EAB85FD28BF9A06001CD5B2 /* Tests_macOS.swift */ = {isa = PBXFileReference; lastKnownFileType = sourcecode.swift; path = Tests_macOS.swift; sourceTree = "<group>"; };
		6EAB85FF28BF9A06001CD5B2 /* Tests_macOSLaunchTests.swift */ = {isa = PBXFileReference; lastKnownFileType = sourcecode.swift; path = Tests_macOSLaunchTests.swift; sourceTree = "<group>"; };
/* End PBXFileReference section */

/* Begin PBXFrameworksBuildPhase section */
		6EAB85DD28BF9A06001CD5B2 /* Frameworks */ = {
			isa = PBXFrameworksBuildPhase;
			buildActionMask = 2147483647;
			files = (
			);
			runOnlyForDeploymentPostprocessing = 0;
		};
		6EAB85E328BF9A06001CD5B2 /* Frameworks */ = {
			isa = PBXFrameworksBuildPhase;
			buildActionMask = 2147483647;
			files = (
			);
			runOnlyForDeploymentPostprocessing = 0;
		};
		6EAB85EA28BF9A06001CD5B2 /* Frameworks */ = {
			isa = PBXFrameworksBuildPhase;
			buildActionMask = 2147483647;
			files = (
			);
			runOnlyForDeploymentPostprocessing = 0;
		};
		6EAB85F628BF9A06001CD5B2 /* Frameworks */ = {
			isa = PBXFrameworksBuildPhase;
			buildActionMask = 2147483647;
			files = (
			);
			runOnlyForDeploymentPostprocessing = 0;
		};
/* End PBXFrameworksBuildPhase section */

/* Begin PBXGroup section */
		6EAB85D328BF9A05001CD5B2 = {
			isa = PBXGroup;
			children = (
				6EAB85D828BF9A05001CD5B2 /* Shared */,
				6EAB85E728BF9A06001CD5B2 /* macOS */,
				6EAB85F028BF9A06001CD5B2 /* Tests iOS */,
				6EAB85FC28BF9A06001CD5B2 /* Tests macOS */,
				6EAB85E128BF9A06001CD5B2 /* Products */,
			);
			sourceTree = "<group>";
		};
		6EAB85D828BF9A05001CD5B2 /* Shared */ = {
			isa = PBXGroup;
			children = (
				6EAB85D928BF9A05001CD5B2 /* practice_appApp.swift */,
				6EAB85DA28BF9A05001CD5B2 /* ContentView.swift */,
				6EAB85DB28BF9A06001CD5B2 /* Assets.xcassets */,
			);
			path = Shared;
			sourceTree = "<group>";
		};
		6EAB85E128BF9A06001CD5B2 /* Products */ = {
			isa = PBXGroup;
			children = (
				6EAB85E028BF9A06001CD5B2 /* practice app.app */,
				6EAB85E628BF9A06001CD5B2 /* practice app.app */,
				6EAB85ED28BF9A06001CD5B2 /* Tests iOS.xctest */,
				6EAB85F928BF9A06001CD5B2 /* Tests macOS.xctest */,
			);
			name = Products;
			sourceTree = "<group>";
		};
		6EAB85E728BF9A06001CD5B2 /* macOS */ = {
			isa = PBXGroup;
			children = (
				6EAB85E828BF9A06001CD5B2 /* macOS.entitlements */,
			);
			path = macOS;
			sourceTree = "<group>";
		};
		6EAB85F028BF9A06001CD5B2 /* Tests iOS */ = {
			isa = PBXGroup;
			children = (
				6EAB85F128BF9A06001CD5B2 /* Tests_iOS.swift */,
				6EAB85F328BF9A06001CD5B2 /* Tests_iOSLaunchTests.swift */,
			);
			path = "Tests iOS";
			sourceTree = "<group>";
		};
		6EAB85FC28BF9A06001CD5B2 /* Tests macOS */ = {
			isa = PBXGroup;
			children = (
				6EAB85FD28BF9A06001CD5B2 /* Tests_macOS.swift */,
				6EAB85FF28BF9A06001CD5B2 /* Tests_macOSLaunchTests.swift */,
			);
			path = "Tests macOS";
			sourceTree = "<group>";
		};
/* End PBXGroup section */

/* Begin PBXNativeTarget section */
		6EAB85DF28BF9A06001CD5B2 /* practice app (iOS) */ = {
			isa = PBXNativeTarget;
			buildConfigurationList = 6EAB860928BF9A06001CD5B2 /* Build configuration list for PBXNativeTarget "practice app (iOS)" */;
			buildPhases = (
				6EAB85DC28BF9A06001CD5B2 /* Sources */,
				6EAB85DD28BF9A06001CD5B2 /* Frameworks */,
				6EAB85DE28BF9A06001CD5B2 /* Resources */,
			);
			buildRules = (
			);
			dependencies = (
			);
			name = "practice app (iOS)";
			productName = "practice app (iOS)";
			productReference = 6EAB85E028BF9A06001CD5B2 /* practice app.app */;
			productType = "com.apple.product-type.application";
		};
		6EAB85E528BF9A06001CD5B2 /* practice app (macOS) */ = {
			isa = PBXNativeTarget;
			buildConfigurationList = 6EAB860C28BF9A06001CD5B2 /* Build configuration list for PBXNativeTarget "practice app (macOS)" */;
			buildPhases = (
				6EAB85E228BF9A06001CD5B2 /* Sources */,
				6EAB85E328BF9A06001CD5B2 /* Frameworks */,
				6EAB85E428BF9A06001CD5B2 /* Resources */,
			);
			buildRules = (
			);
			dependencies = (
			);
			name = "practice app (macOS)";
			productName = "practice app (macOS)";
			productReference = 6EAB85E628BF9A06001CD5B2 /* practice app.app */;
			productType = "com.apple.product-type.application";
		};
		6EAB85EC28BF9A06001CD5B2 /* Tests iOS */ = {
			isa = PBXNativeTarget;
			buildConfigurationList = 6EAB860F28BF9A06001CD5B2 /* Build configuration list for PBXNativeTarget "Tests iOS" */;
			buildPhases = (
				6EAB85E928BF9A06001CD5B2 /* Sources */,
				6EAB85EA28BF9A06001CD5B2 /* Frameworks */,
				6EAB85EB28BF9A06001CD5B2 /* Resources */,
			);
			buildRules = (
			);
			dependencies = (
				6EAB85EF28BF9A06001CD5B2 /* PBXTargetDependency */,
			);
			name = "Tests iOS";
			productName = "Tests iOS";
			productReference = 6EAB85ED28BF9A06001CD5B2 /* Tests iOS.xctest */;
			productType = "com.apple.product-type.bundle.ui-testing";
		};
		6EAB85F828BF9A06001CD5B2 /* Tests macOS */ = {
			isa = PBXNativeTarget;
			buildConfigurationList = 6EAB861228BF9A06001CD5B2 /* Build configuration list for PBXNativeTarget "Tests macOS" */;
			buildPhases = (
				6EAB85F528BF9A06001CD5B2 /* Sources */,
				6EAB85F628BF9A06001CD5B2 /* Frameworks */,
				6EAB85F728BF9A06001CD5B2 /* Resources */,
			);
			buildRules = (
			);
			dependencies = (
				6EAB85FB28BF9A06001CD5B2 /* PBXTargetDependency */,
			);
			name = "Tests macOS";
			productName = "Tests macOS";
			productReference = 6EAB85F928BF9A06001CD5B2 /* Tests macOS.xctest */;
			productType = "com.apple.product-type.bundle.ui-testing";
		};
/* End PBXNativeTarget section */

/* Begin PBXProject section */
		6EAB85D428BF9A05001CD5B2 /* Project object */ = {
			isa = PBXProject;
			attributes = {
				BuildIndependentTargetsInParallel = 1;
				LastSwiftUpdateCheck = 1340;
				LastUpgradeCheck = 1340;
				TargetAttributes = {
					6EAB85DF28BF9A06001CD5B2 = {
						CreatedOnToolsVersion = 13.4.1;
					};
					6EAB85E528BF9A06001CD5B2 = {
						CreatedOnToolsVersion = 13.4.1;
					};
					6EAB85EC28BF9A06001CD5B2 = {
						CreatedOnToolsVersion = 13.4.1;
						TestTargetID = 6EAB85DF28BF9A06001CD5B2;
					};
					6EAB85F828BF9A06001CD5B2 = {
						CreatedOnToolsVersion = 13.4.1;
						TestTargetID = 6EAB85E528BF9A06001CD5B2;
					};
				};
			};
			buildConfigurationList = 6EAB85D728BF9A05001CD5B2 /* Build configuration list for PBXProject "practice app" */;
			compatibilityVersion = "Xcode 13.0";
			developmentRegion = en;
			hasScannedForEncodings = 0;
			knownRegions = (
				en,
				Base,
			);
			mainGroup = 6EAB85D328BF9A05001CD5B2;
			productRefGroup = 6EAB85E128BF9A06001CD5B2 /* Products */;
			projectDirPath = "";
			projectRoot = "";
			targets = (
				6EAB85DF28BF9A06001CD5B2 /* practice app (iOS) */,
				6EAB85E528BF9A06001CD5B2 /* practice app (macOS) */,
				6EAB85EC28BF9A06001CD5B2 /* Tests iOS */,
				6EAB85F828BF9A06001CD5B2 /* Tests macOS */,
			);
		};
/* End PBXProject section */

/* Begin PBXResourcesBuildPhase section */
		6EAB85DE28BF9A06001CD5B2 /* Resources */ = {
			isa = PBXResourcesBuildPhase;
			buildActionMask = 2147483647;
			files = (
				6EAB860528BF9A06001CD5B2 /* Assets.xcassets in Resources */,
			);
			runOnlyForDeploymentPostprocessing = 0;
		};
		6EAB85E428BF9A06001CD5B2 /* Resources */ = {
			isa = PBXResourcesBuildPhase;
			buildActionMask = 2147483647;
			files = (
				6EAB860628BF9A06001CD5B2 /* Assets.xcassets in Resources */,
			);
			runOnlyForDeploymentPostprocessing = 0;
		};
		6EAB85EB28BF9A06001CD5B2 /* Resources */ = {
			isa = PBXResourcesBuildPhase;
			buildActionMask = 2147483647;
			files = (
			);
			runOnlyForDeploymentPostprocessing = 0;
		};
		6EAB85F728BF9A06001CD5B2 /* Resources */ = {
			isa = PBXResourcesBuildPhase;
			buildActionMask = 2147483647;
			files = (
			);
			runOnlyForDeploymentPostprocessing = 0;
		};
/* End PBXResourcesBuildPhase section */

/* Begin PBXSourcesBuildPhase section */
		6EAB85DC28BF9A06001CD5B2 /* Sources */ = {
			isa = PBXSourcesBuildPhase;
			buildActionMask = 2147483647;
			files = (
				6EAB860328BF9A06001CD5B2 /* ContentView.swift in Sources */,
				6EAB860128BF9A06001CD5B2 /* practice_appApp.swift in Sources */,
			);
			runOnlyForDeploymentPostprocessing = 0;
		};
		6EAB85E228BF9A06001CD5B2 /* Sources */ = {
			isa = PBXSourcesBuildPhase;
			buildActionMask = 2147483647;
			files = (
				6EAB860428BF9A06001CD5B2 /* ContentView.swift in Sources */,
				6EAB860228BF9A06001CD5B2 /* practice_appApp.swift in Sources */,
			);
			runOnlyForDeploymentPostprocessing = 0;
		};
		6EAB85E928BF9A06001CD5B2 /* Sources */ = {
			isa = PBXSourcesBuildPhase;
			buildActionMask = 2147483647;
			files = (
				6EAB85F428BF9A06001CD5B2 /* Tests_iOSLaunchTests.swift in Sources */,
				6EAB85F228BF9A06001CD5B2 /* Tests_iOS.swift in Sources */,
			);
			runOnlyForDeploymentPostprocessing = 0;
		};
		6EAB85F528BF9A06001CD5B2 /* Sources */ = {
			isa = PBXSourcesBuildPhase;
			buildActionMask = 2147483647;
			files = (
				6EAB860028BF9A06001CD5B2 /* Tests_macOSLaunchTests.swift in Sources */,
				6EAB85FE28BF9A06001CD5B2 /* Tests_macOS.swift in Sources */,
			);
			runOnlyForDeploymentPostprocessing = 0;
		};
/* End PBXSourcesBuildPhase section */

/* Begin PBXTargetDependency section */
		6EAB85EF28BF9A06001CD5B2 /* PBXTargetDependency */ = {
			isa = PBXTargetDependency;
			target = 6EAB85DF28BF9A06001CD5B2 /* practice app (iOS) */;
			targetProxy = 6EAB85EE28BF9A06001CD5B2 /* PBXContainerItemProxy */;
		};
		6EAB85FB28BF9A06001CD5B2 /* PBXTargetDependency */ = {
			isa = PBXTargetDependency;
			target = 6EAB85E528BF9A06001CD5B2 /* practice app (macOS) */;
			targetProxy = 6EAB85FA28BF9A06001CD5B2 /* PBXContainerItemProxy */;
		};
/* End PBXTargetDependency section */

/* Begin XCBuildConfiguration section */
		6EAB860728BF9A06001CD5B2 /* Debug */ = {
			isa = XCBuildConfiguration;
			buildSettings = {
				ALWAYS_SEARCH_USER_PATHS = NO;
				CLANG_ANALYZER_NONNULL = YES;
				CLANG_ANALYZER_NUMBER_OBJECT_CONVERSION = YES_AGGRESSIVE;
				CLANG_CXX_LANGUAGE_STANDARD = "gnu++17";
				CLANG_ENABLE_MODULES = YES;
				CLANG_ENABLE_OBJC_ARC = YES;
				CLANG_ENABLE_OBJC_WEAK = YES;
				CLANG_WARN_BLOCK_CAPTURE_AUTORELEASING = YES;
				CLANG_WARN_BOOL_CONVERSION = YES;
				CLANG_WARN_COMMA = YES;
				CLANG_WARN_CONSTANT_CONVERSION = YES;
				CLANG_WARN_DEPRECATED_OBJC_IMPLEMENTATIONS = YES;
				CLANG_WARN_DIRECT_OBJC_ISA_USAGE = YES_ERROR;
				CLANG_WARN_DOCUMENTATION_COMMENTS = YES;
				CLANG_WARN_EMPTY_BODY = YES;
				CLANG_WARN_ENUM_CONVERSION = YES;
				CLANG_WARN_INFINITE_RECURSION = YES;
				CLANG_WARN_INT_CONVERSION = YES;
				CLANG_WARN_NON_LITERAL_NULL_CONVERSION = YES;
				CLANG_WARN_OBJC_IMPLICIT_RETAIN_SELF = YES;
				CLANG_WARN_OBJC_LITERAL_CONVERSION = YES;
				CLANG_WARN_OBJC_ROOT_CLASS = YES_ERROR;
				CLANG_WARN_QUOTED_INCLUDE_IN_FRAMEWORK_HEADER = YES;
				CLANG_WARN_RANGE_LOOP_ANALYSIS = YES;
				CLANG_WARN_STRICT_PROTOTYPES = YES;
				CLANG_WARN_SUSPICIOUS_MOVE = YES;
				CLANG_WARN_UNGUARDED_AVAILABILITY = YES_AGGRESSIVE;
				CLANG_WARN_UNREACHABLE_CODE = YES;
				CLANG_WARN__DUPLICATE_METHOD_MATCH = YES;
				COPY_PHASE_STRIP = NO;
				DEBUG_INFORMATION_FORMAT = dwarf;
				ENABLE_STRICT_OBJC_MSGSEND = YES;
				ENABLE_TESTABILITY = YES;
				GCC_C_LANGUAGE_STANDARD = gnu11;
				GCC_DYNAMIC_NO_PIC = NO;
				GCC_NO_COMMON_BLOCKS = YES;
				GCC_OPTIMIZATION_LEVEL = 0;
				GCC_PREPROCESSOR_DEFINITIONS = (
					"DEBUG=1",
					"$(inherited)",
				);
				GCC_WARN_64_TO_32_BIT_CONVERSION = YES;
				GCC_WARN_ABOUT_RETURN_TYPE = YES_ERROR;
				GCC_WARN_UNDECLARED_SELECTOR = YES;
				GCC_WARN_UNINITIALIZED_AUTOS = YES_AGGRESSIVE;
				GCC_WARN_UNUSED_FUNCTION = YES;
				GCC_WARN_UNUSED_VARIABLE = YES;
				MTL_ENABLE_DEBUG_INFO = INCLUDE_SOURCE;
				MTL_FAST_MATH = YES;
				ONLY_ACTIVE_ARCH = YES;
				SWIFT_ACTIVE_COMPILATION_CONDITIONS = DEBUG;
				SWIFT_OPTIMIZATION_LEVEL = "-Onone";
			};
			name = Debug;
		};
		6EAB860828BF9A06001CD5B2 /* Release */ = {
			isa = XCBuildConfiguration;
			buildSettings = {
				ALWAYS_SEARCH_USER_PATHS = NO;
				CLANG_ANALYZER_NONNULL = YES;
				CLANG_ANALYZER_NUMBER_OBJECT_CONVERSION = YES_AGGRESSIVE;
				CLANG_CXX_LANGUAGE_STANDARD = "gnu++17";
				CLANG_ENABLE_MODULES = YES;
				CLANG_ENABLE_OBJC_ARC = YES;
				CLANG_ENABLE_OBJC_WEAK = YES;
				CLANG_WARN_BLOCK_CAPTURE_AUTORELEASING = YES;
				CLANG_WARN_BOOL_CONVERSION = YES;
				CLANG_WARN_COMMA = YES;
				CLANG_WARN_CONSTANT_CONVERSION = YES;
				CLANG_WARN_DEPRECATED_OBJC_IMPLEMENTATIONS = YES;
				CLANG_WARN_DIRECT_OBJC_ISA_USAGE = YES_ERROR;
				CLANG_WARN_DOCUMENTATION_COMMENTS = YES;
				CLANG_WARN_EMPTY_BODY = YES;
				CLANG_WARN_ENUM_CONVERSION = YES;
				CLANG_WARN_INFINITE_RECURSION = YES;
				CLANG_WARN_INT_CONVERSION = YES;
				CLANG_WARN_NON_LITERAL_NULL_CONVERSION = YES;
				CLANG_WARN_OBJC_IMPLICIT_RETAIN_SELF = YES;
				CLANG_WARN_OBJC_LITERAL_CONVERSION = YES;
				CLANG_WARN_OBJC_ROOT_CLASS = YES_ERROR;
				CLANG_WARN_QUOTED_INCLUDE_IN_FRAMEWORK_HEADER = YES;
				CLANG_WARN_RANGE_LOOP_ANALYSIS = YES;
				CLANG_WARN_STRICT_PROTOTYPES = YES;
				CLANG_WARN_SUSPICIOUS_MOVE = YES;
				CLANG_WARN_UNGUARDED_AVAILABILITY = YES_AGGRESSIVE;
				CLANG_WARN_UNREACHABLE_CODE = YES;
				CLANG_WARN__DUPLICATE_METHOD_MATCH = YES;
				COPY_PHASE_STRIP = NO;
				DEBUG_INFORMATION_FORMAT = "dwarf-with-dsym";
				ENABLE_NS_ASSERTIONS = NO;
				ENABLE_STRICT_OBJC_MSGSEND = YES;
				GCC_C_LANGUAGE_STANDARD = gnu11;
				GCC_NO_COMMON_BLOCKS = YES;
				GCC_WARN_64_TO_32_BIT_CONVERSION = YES;
				GCC_WARN_ABOUT_RETURN_TYPE = YES_ERROR;
				GCC_WARN_UNDECLARED_SELECTOR = YES;
				GCC_WARN_UNINITIALIZED_AUTOS = YES_AGGRESSIVE;
				GCC_WARN_UNUSED_FUNCTION = YES;
				GCC_WARN_UNUSED_VARIABLE = YES;
				MTL_ENABLE_DEBUG_INFO = NO;
				MTL_FAST_MATH = YES;
				SWIFT_COMPILATION_MODE = wholemodule;
				SWIFT_OPTIMIZATION_LEVEL = "-O";
			};
			name = Release;
		};
		6EAB860A28BF9A06001CD5B2 /* Debug */ = {
			isa = XCBuildConfiguration;
			buildSettings = {
				ASSETCATALOG_COMPILER_APPICON_NAME = AppIcon;
				ASSETCATALOG_COMPILER_GLOBAL_ACCENT_COLOR_NAME = AccentColor;
				CODE_SIGN_STYLE = Automatic;
				CURRENT_PROJECT_VERSION = 1;
				ENABLE_PREVIEWS = YES;
				GENERATE_INFOPLIST_FILE = YES;
				INFOPLIST_KEY_UIApplicationSceneManifest_Generation = YES;
				INFOPLIST_KEY_UIApplicationSupportsIndirectInputEvents = YES;
				INFOPLIST_KEY_UILaunchScreen_Generation = YES;
				INFOPLIST_KEY_UISupportedInterfaceOrientations_iPad = "UIInterfaceOrientationPortrait UIInterfaceOrientationPortraitUpsideDown UIInterfaceOrientationLandscapeLeft UIInterfaceOrientationLandscapeRight";
				INFOPLIST_KEY_UISupportedInterfaceOrientations_iPhone = "UIInterfaceOrientationPortrait UIInterfaceOrientationLandscapeLeft UIInterfaceOrientationLandscapeRight";
				IPHONEOS_DEPLOYMENT_TARGET = 15.5;
				LD_RUNPATH_SEARCH_PATHS = (
					"$(inherited)",
					"@executable_path/Frameworks",
				);
				MARKETING_VERSION = 1.0;
				PRODUCT_BUNDLE_IDENTIFIER = "practice.practice-app";
				PRODUCT_NAME = "practice app";
				SDKROOT = iphoneos;
				SWIFT_EMIT_LOC_STRINGS = YES;
				SWIFT_VERSION = 5.0;
				TARGETED_DEVICE_FAMILY = "1,2";
			};
			name = Debug;
		};
		6EAB860B28BF9A06001CD5B2 /* Release */ = {
			isa = XCBuildConfiguration;
			buildSettings = {
				ASSETCATALOG_COMPILER_APPICON_NAME = AppIcon;
				ASSETCATALOG_COMPILER_GLOBAL_ACCENT_COLOR_NAME = AccentColor;
				CODE_SIGN_STYLE = Automatic;
				CURRENT_PROJECT_VERSION = 1;
				ENABLE_PREVIEWS = YES;
				GENERATE_INFOPLIST_FILE = YES;
				INFOPLIST_KEY_UIApplicationSceneManifest_Generation = YES;
				INFOPLIST_KEY_UIApplicationSupportsIndirectInputEvents = YES;
				INFOPLIST_KEY_UILaunchScreen_Generation = YES;
				INFOPLIST_KEY_UISupportedInterfaceOrientations_iPad = "UIInterfaceOrientationPortrait UIInterfaceOrientationPortraitUpsideDown UIInterfaceOrientationLandscapeLeft UIInterfaceOrientationLandscapeRight";
				INFOPLIST_KEY_UISupportedInterfaceOrientations_iPhone = "UIInterfaceOrientationPortrait UIInterfaceOrientationLandscapeLeft UIInterfaceOrientationLandscapeRight";
				IPHONEOS_DEPLOYMENT_TARGET = 15.5;
				LD_RUNPATH_SEARCH_PATHS = (
					"$(inherited)",
					"@executable_path/Frameworks",
				);
				MARKETING_VERSION = 1.0;
				PRODUCT_BUNDLE_IDENTIFIER = "practice.practice-app";
				PRODUCT_NAME = "practice app";
				SDKROOT = iphoneos;
				SWIFT_EMIT_LOC_STRINGS = YES;
				SWIFT_VERSION = 5.0;
				TARGETED_DEVICE_FAMILY = "1,2";
				VALIDATE_PRODUCT = YES;
			};
			name = Release;
		};
		6EAB860D28BF9A06001CD5B2 /* Debug */ = {
			isa = XCBuildConfiguration;
			buildSettings = {
				ASSETCATALOG_COMPILER_APPICON_NAME = AppIcon;
				ASSETCATALOG_COMPILER_GLOBAL_ACCENT_COLOR_NAME = AccentColor;
				CODE_SIGN_ENTITLEMENTS = macOS/macOS.entitlements;
				CODE_SIGN_STYLE = Automatic;
				COMBINE_HIDPI_IMAGES = YES;
				CURRENT_PROJECT_VERSION = 1;
				ENABLE_PREVIEWS = YES;
				GENERATE_INFOPLIST_FILE = YES;
				INFOPLIST_KEY_NSHumanReadableCopyright = "";
				LD_RUNPATH_SEARCH_PATHS = (
					"$(inherited)",
					"@executable_path/../Frameworks",
				);
				MACOSX_DEPLOYMENT_TARGET = 12.3;
				MARKETING_VERSION = 1.0;
				PRODUCT_BUNDLE_IDENTIFIER = "practice.practice-app";
				PRODUCT_NAME = "practice app";
				SDKROOT = macosx;
				SWIFT_EMIT_LOC_STRINGS = YES;
				SWIFT_VERSION = 5.0;
			};
			name = Debug;
		};
		6EAB860E28BF9A06001CD5B2 /* Release */ = {
			isa = XCBuildConfiguration;
			buildSettings = {
				ASSETCATALOG_COMPILER_APPICON_NAME = AppIcon;
				ASSETCATALOG_COMPILER_GLOBAL_ACCENT_COLOR_NAME = AccentColor;
				CODE_SIGN_ENTITLEMENTS = macOS/macOS.entitlements;
				CODE_SIGN_STYLE = Automatic;
				COMBINE_HIDPI_IMAGES = YES;
				CURRENT_PROJECT_VERSION = 1;
				ENABLE_PREVIEWS = YES;
				GENERATE_INFOPLIST_FILE = YES;
				INFOPLIST_KEY_NSHumanReadableCopyright = "";
				LD_RUNPATH_SEARCH_PATHS = (
					"$(inherited)",
					"@executable_path/../Frameworks",
				);
				MACOSX_DEPLOYMENT_TARGET = 12.3;
				MARKETING_VERSION = 1.0;
				PRODUCT_BUNDLE_IDENTIFIER = "practice.practice-app";
				PRODUCT_NAME = "practice app";
				SDKROOT = macosx;
				SWIFT_EMIT_LOC_STRINGS = YES;
				SWIFT_VERSION = 5.0;
			};
			name = Release;
		};
		6EAB861028BF9A06001CD5B2 /* Debug */ = {
			isa = XCBuildConfiguration;
			buildSettings = {
				ALWAYS_EMBED_SWIFT_STANDARD_LIBRARIES = YES;
				CODE_SIGN_STYLE = Automatic;
				CURRENT_PROJECT_VERSION = 1;
				GENERATE_INFOPLIST_FILE = YES;
				IPHONEOS_DEPLOYMENT_TARGET = 15.5;
				MARKETING_VERSION = 1.0;
				PRODUCT_BUNDLE_IDENTIFIER = "practice.Tests-iOS";
				PRODUCT_NAME = "$(TARGET_NAME)";
				SDKROOT = iphoneos;
				SWIFT_EMIT_LOC_STRINGS = NO;
				SWIFT_VERSION = 5.0;
				TARGETED_DEVICE_FAMILY = "1,2";
				TEST_TARGET_NAME = "practice app (iOS)";
			};
			name = Debug;
		};
		6EAB861128BF9A06001CD5B2 /* Release */ = {
			isa = XCBuildConfiguration;
			buildSettings = {
				ALWAYS_EMBED_SWIFT_STANDARD_LIBRARIES = YES;
				CODE_SIGN_STYLE = Automatic;
				CURRENT_PROJECT_VERSION = 1;
				GENERATE_INFOPLIST_FILE = YES;
				IPHONEOS_DEPLOYMENT_TARGET = 15.5;
				MARKETING_VERSION = 1.0;
				PRODUCT_BUNDLE_IDENTIFIER = "practice.Tests-iOS";
				PRODUCT_NAME = "$(TARGET_NAME)";
				SDKROOT = iphoneos;
				SWIFT_EMIT_LOC_STRINGS = NO;
				SWIFT_VERSION = 5.0;
				TARGETED_DEVICE_FAMILY = "1,2";
				TEST_TARGET_NAME = "practice app (iOS)";
				VALIDATE_PRODUCT = YES;
			};
			name = Release;
		};
		6EAB861328BF9A06001CD5B2 /* Debug */ = {
			isa = XCBuildConfiguration;
			buildSettings = {
				ALWAYS_EMBED_SWIFT_STANDARD_LIBRARIES = YES;
				CODE_SIGN_STYLE = Automatic;
				CURRENT_PROJECT_VERSION = 1;
				GENERATE_INFOPLIST_FILE = YES;
				MACOSX_DEPLOYMENT_TARGET = 12.3;
				MARKETING_VERSION = 1.0;
				PRODUCT_BUNDLE_IDENTIFIER = "practice.Tests-macOS";
				PRODUCT_NAME = "$(TARGET_NAME)";
				SDKROOT = macosx;
				SWIFT_EMIT_LOC_STRINGS = NO;
				SWIFT_VERSION = 5.0;
				TEST_TARGET_NAME = "practice app (macOS)";
			};
			name = Debug;
		};
		6EAB861428BF9A06001CD5B2 /* Release */ = {
			isa = XCBuildConfiguration;
			buildSettings = {
				ALWAYS_EMBED_SWIFT_STANDARD_LIBRARIES = YES;
				CODE_SIGN_STYLE = Automatic;
				CURRENT_PROJECT_VERSION = 1;
				GENERATE_INFOPLIST_FILE = YES;
				MACOSX_DEPLOYMENT_TARGET = 12.3;
				MARKETING_VERSION = 1.0;
				PRODUCT_BUNDLE_IDENTIFIER = "practice.Tests-macOS";
				PRODUCT_NAME = "$(TARGET_NAME)";
				SDKROOT = macosx;
				SWIFT_EMIT_LOC_STRINGS = NO;
				SWIFT_VERSION = 5.0;
				TEST_TARGET_NAME = "practice app (macOS)";
			};
			name = Release;
		};
/* End XCBuildConfiguration section */

/* Begin XCConfigurationList section */
		6EAB85D728BF9A05001CD5B2 /* Build configuration list for PBXProject "practice app" */ = {
			isa = XCConfigurationList;
			buildConfigurations = (
				6EAB860728BF9A06001CD5B2 /* Debug */,
				6EAB860828BF9A06001CD5B2 /* Release */,
			);
			defaultConfigurationIsVisible = 0;
			defaultConfigurationName = Release;
		};
		6EAB860928BF9A06001CD5B2 /* Build configuration list for PBXNativeTarget "practice app (iOS)" */ = {
			isa = XCConfigurationList;
			buildConfigurations = (
				6EAB860A28BF9A06001CD5B2 /* Debug */,
				6EAB860B28BF9A06001CD5B2 /* Release */,
			);
			defaultConfigurationIsVisible = 0;
			defaultConfigurationName = Release;
		};
		6EAB860C28BF9A06001CD5B2 /* Build configuration list for PBXNativeTarget "practice app (macOS)" */ = {
			isa = XCConfigurationList;
			buildConfigurations = (
				6EAB860D28BF9A06001CD5B2 /* Debug */,
				6EAB860E28BF9A06001CD5B2 /* Release */,
			);
			defaultConfigurationIsVisible = 0;
			defaultConfigurationName = Release;
		};
		6EAB860F28BF9A06001CD5B2 /* Build configuration list for PBXNativeTarget "Tests iOS" */ = {
			isa = XCConfigurationList;
			buildConfigurations = (
				6EAB861028BF9A06001CD5B2 /* Debug */,
				6EAB861128BF9A06001CD5B2 /* Release */,
			);
			defaultConfigurationIsVisible = 0;
			defaultConfigurationName = Release;
		};
		6EAB861228BF9A06001CD5B2 /* Build configuration list for PBXNativeTarget "Tests macOS" */ = {
			isa = XCConfigurationList;
			buildConfigurations = (
				6EAB861328BF9A06001CD5B2 /* Debug */,
				6EAB861428BF9A06001CD5B2 /* Release */,
			);
			defaultConfigurationIsVisible = 0;
			defaultConfigurationName = Release;
		};
/* End XCConfigurationList section */
	};
	rootObject = 6EAB85D428BF9A05001CD5B2 /* Project object */;
}
