// !$*UTF8*$!
{
	archiveVersion = 1;
	classes = {
	};
	objectVersion = 55;
	objects = {

/* Begin PBXBuildFile section */
		6EC5A93F28D4BEDC00C335DA /* OrangeViewController.swift in Sources */ = {isa = PBXBuildFile; fileRef = 6EC5A93E28D4BEDC00C335DA /* OrangeViewController.swift */; };
		6ED22E3328D4B9C300A6D57A /* AppDelegate.swift in Sources */ = {isa = PBXBuildFile; fileRef = 6ED22E3228D4B9C300A6D57A /* AppDelegate.swift */; };
		6ED22E3528D4B9C300A6D57A /* SceneDelegate.swift in Sources */ = {isa = PBXBuildFile; fileRef = 6ED22E3428D4B9C300A6D57A /* SceneDelegate.swift */; };
		6ED22E3728D4B9C300A6D57A /* RedViewController.swift in Sources */ = {isa = PBXBuildFile; fileRef = 6ED22E3628D4B9C300A6D57A /* RedViewController.swift */; };
		6ED22E3A28D4B9C300A6D57A /* Main.storyboard in Resources */ = {isa = PBXBuildFile; fileRef = 6ED22E3828D4B9C300A6D57A /* Main.storyboard */; };
		6ED22E3C28D4B9C400A6D57A /* Assets.xcassets in Resources */ = {isa = PBXBuildFile; fileRef = 6ED22E3B28D4B9C400A6D57A /* Assets.xcassets */; };
		6ED22E3F28D4B9C400A6D57A /* LaunchScreen.storyboard in Resources */ = {isa = PBXBuildFile; fileRef = 6ED22E3D28D4B9C400A6D57A /* LaunchScreen.storyboard */; };
		6ED22E4A28D4B9C400A6D57A /* TabBarsTests.swift in Sources */ = {isa = PBXBuildFile; fileRef = 6ED22E4928D4B9C400A6D57A /* TabBarsTests.swift */; };
		6ED22E5428D4B9C400A6D57A /* TabBarsUITests.swift in Sources */ = {isa = PBXBuildFile; fileRef = 6ED22E5328D4B9C400A6D57A /* TabBarsUITests.swift */; };
		6ED22E5628D4B9C400A6D57A /* TabBarsUITestsLaunchTests.swift in Sources */ = {isa = PBXBuildFile; fileRef = 6ED22E5528D4B9C400A6D57A /* TabBarsUITestsLaunchTests.swift */; };
/* End PBXBuildFile section */

/* Begin PBXContainerItemProxy section */
		6ED22E4628D4B9C400A6D57A /* PBXContainerItemProxy */ = {
			isa = PBXContainerItemProxy;
			containerPortal = 6ED22E2728D4B9C300A6D57A /* Project object */;
			proxyType = 1;
			remoteGlobalIDString = 6ED22E2E28D4B9C300A6D57A;
			remoteInfo = TabBars;
		};
		6ED22E5028D4B9C400A6D57A /* PBXContainerItemProxy */ = {
			isa = PBXContainerItemProxy;
			containerPortal = 6ED22E2728D4B9C300A6D57A /* Project object */;
			proxyType = 1;
			remoteGlobalIDString = 6ED22E2E28D4B9C300A6D57A;
			remoteInfo = TabBars;
		};
/* End PBXContainerItemProxy section */

/* Begin PBXFileReference section */
		6EC5A93E28D4BEDC00C335DA /* OrangeViewController.swift */ = {isa = PBXFileReference; lastKnownFileType = sourcecode.swift; path = OrangeViewController.swift; sourceTree = "<group>"; };
		6ED22E2F28D4B9C300A6D57A /* TabBars.app */ = {isa = PBXFileReference; explicitFileType = wrapper.application; includeInIndex = 0; path = TabBars.app; sourceTree = BUILT_PRODUCTS_DIR; };
		6ED22E3228D4B9C300A6D57A /* AppDelegate.swift */ = {isa = PBXFileReference; lastKnownFileType = sourcecode.swift; path = AppDelegate.swift; sourceTree = "<group>"; };
		6ED22E3428D4B9C300A6D57A /* SceneDelegate.swift */ = {isa = PBXFileReference; lastKnownFileType = sourcecode.swift; path = SceneDelegate.swift; sourceTree = "<group>"; };
		6ED22E3628D4B9C300A6D57A /* RedViewController.swift */ = {isa = PBXFileReference; lastKnownFileType = sourcecode.swift; path = RedViewController.swift; sourceTree = "<group>"; };
		6ED22E3928D4B9C300A6D57A /* Base */ = {isa = PBXFileReference; lastKnownFileType = file.storyboard; name = Base; path = Base.lproj/Main.storyboard; sourceTree = "<group>"; };
		6ED22E3B28D4B9C400A6D57A /* Assets.xcassets */ = {isa = PBXFileReference; lastKnownFileType = folder.assetcatalog; path = Assets.xcassets; sourceTree = "<group>"; };
		6ED22E3E28D4B9C400A6D57A /* Base */ = {isa = PBXFileReference; lastKnownFileType = file.storyboard; name = Base; path = Base.lproj/LaunchScreen.storyboard; sourceTree = "<group>"; };
		6ED22E4028D4B9C400A6D57A /* Info.plist */ = {isa = PBXFileReference; lastKnownFileType = text.plist.xml; path = Info.plist; sourceTree = "<group>"; };
		6ED22E4528D4B9C400A6D57A /* TabBarsTests.xctest */ = {isa = PBXFileReference; explicitFileType = wrapper.cfbundle; includeInIndex = 0; path = TabBarsTests.xctest; sourceTree = BUILT_PRODUCTS_DIR; };
		6ED22E4928D4B9C400A6D57A /* TabBarsTests.swift */ = {isa = PBXFileReference; lastKnownFileType = sourcecode.swift; path = TabBarsTests.swift; sourceTree = "<group>"; };
		6ED22E4F28D4B9C400A6D57A /* TabBarsUITests.xctest */ = {isa = PBXFileReference; explicitFileType = wrapper.cfbundle; includeInIndex = 0; path = TabBarsUITests.xctest; sourceTree = BUILT_PRODUCTS_DIR; };
		6ED22E5328D4B9C400A6D57A /* TabBarsUITests.swift */ = {isa = PBXFileReference; lastKnownFileType = sourcecode.swift; path = TabBarsUITests.swift; sourceTree = "<group>"; };
		6ED22E5528D4B9C400A6D57A /* TabBarsUITestsLaunchTests.swift */ = {isa = PBXFileReference; lastKnownFileType = sourcecode.swift; path = TabBarsUITestsLaunchTests.swift; sourceTree = "<group>"; };
/* End PBXFileReference section */

/* Begin PBXFrameworksBuildPhase section */
		6ED22E2C28D4B9C300A6D57A /* Frameworks */ = {
			isa = PBXFrameworksBuildPhase;
			buildActionMask = 2147483647;
			files = (
			);
			runOnlyForDeploymentPostprocessing = 0;
		};
		6ED22E4228D4B9C400A6D57A /* Frameworks */ = {
			isa = PBXFrameworksBuildPhase;
			buildActionMask = 2147483647;
			files = (
			);
			runOnlyForDeploymentPostprocessing = 0;
		};
		6ED22E4C28D4B9C400A6D57A /* Frameworks */ = {
			isa = PBXFrameworksBuildPhase;
			buildActionMask = 2147483647;
			files = (
			);
			runOnlyForDeploymentPostprocessing = 0;
		};
/* End PBXFrameworksBuildPhase section */

/* Begin PBXGroup section */
		6ED22E2628D4B9C300A6D57A = {
			isa = PBXGroup;
			children = (
				6ED22E3128D4B9C300A6D57A /* TabBars */,
				6ED22E4828D4B9C400A6D57A /* TabBarsTests */,
				6ED22E5228D4B9C400A6D57A /* TabBarsUITests */,
				6ED22E3028D4B9C300A6D57A /* Products */,
			);
			sourceTree = "<group>";
		};
		6ED22E3028D4B9C300A6D57A /* Products */ = {
			isa = PBXGroup;
			children = (
				6ED22E2F28D4B9C300A6D57A /* TabBars.app */,
				6ED22E4528D4B9C400A6D57A /* TabBarsTests.xctest */,
				6ED22E4F28D4B9C400A6D57A /* TabBarsUITests.xctest */,
			);
			name = Products;
			sourceTree = "<group>";
		};
		6ED22E3128D4B9C300A6D57A /* TabBars */ = {
			isa = PBXGroup;
			children = (
				6ED22E3228D4B9C300A6D57A /* AppDelegate.swift */,
				6ED22E3428D4B9C300A6D57A /* SceneDelegate.swift */,
				6ED22E3628D4B9C300A6D57A /* RedViewController.swift */,
				6EC5A93E28D4BEDC00C335DA /* OrangeViewController.swift */,
				6ED22E3828D4B9C300A6D57A /* Main.storyboard */,
				6ED22E3B28D4B9C400A6D57A /* Assets.xcassets */,
				6ED22E3D28D4B9C400A6D57A /* LaunchScreen.storyboard */,
				6ED22E4028D4B9C400A6D57A /* Info.plist */,
			);
			path = TabBars;
			sourceTree = "<group>";
		};
		6ED22E4828D4B9C400A6D57A /* TabBarsTests */ = {
			isa = PBXGroup;
			children = (
				6ED22E4928D4B9C400A6D57A /* TabBarsTests.swift */,
			);
			path = TabBarsTests;
			sourceTree = "<group>";
		};
		6ED22E5228D4B9C400A6D57A /* TabBarsUITests */ = {
			isa = PBXGroup;
			children = (
				6ED22E5328D4B9C400A6D57A /* TabBarsUITests.swift */,
				6ED22E5528D4B9C400A6D57A /* TabBarsUITestsLaunchTests.swift */,
			);
			path = TabBarsUITests;
			sourceTree = "<group>";
		};
/* End PBXGroup section */

/* Begin PBXNativeTarget section */
		6ED22E2E28D4B9C300A6D57A /* TabBars */ = {
			isa = PBXNativeTarget;
			buildConfigurationList = 6ED22E5928D4B9C400A6D57A /* Build configuration list for PBXNativeTarget "TabBars" */;
			buildPhases = (
				6ED22E2B28D4B9C300A6D57A /* Sources */,
				6ED22E2C28D4B9C300A6D57A /* Frameworks */,
				6ED22E2D28D4B9C300A6D57A /* Resources */,
			);
			buildRules = (
			);
			dependencies = (
			);
			name = TabBars;
			productName = TabBars;
			productReference = 6ED22E2F28D4B9C300A6D57A /* TabBars.app */;
			productType = "com.apple.product-type.application";
		};
		6ED22E4428D4B9C400A6D57A /* TabBarsTests */ = {
			isa = PBXNativeTarget;
			buildConfigurationList = 6ED22E5C28D4B9C400A6D57A /* Build configuration list for PBXNativeTarget "TabBarsTests" */;
			buildPhases = (
				6ED22E4128D4B9C400A6D57A /* Sources */,
				6ED22E4228D4B9C400A6D57A /* Frameworks */,
				6ED22E4328D4B9C400A6D57A /* Resources */,
			);
			buildRules = (
			);
			dependencies = (
				6ED22E4728D4B9C400A6D57A /* PBXTargetDependency */,
			);
			name = TabBarsTests;
			productName = TabBarsTests;
			productReference = 6ED22E4528D4B9C400A6D57A /* TabBarsTests.xctest */;
			productType = "com.apple.product-type.bundle.unit-test";
		};
		6ED22E4E28D4B9C400A6D57A /* TabBarsUITests */ = {
			isa = PBXNativeTarget;
			buildConfigurationList = 6ED22E5F28D4B9C400A6D57A /* Build configuration list for PBXNativeTarget "TabBarsUITests" */;
			buildPhases = (
				6ED22E4B28D4B9C400A6D57A /* Sources */,
				6ED22E4C28D4B9C400A6D57A /* Frameworks */,
				6ED22E4D28D4B9C400A6D57A /* Resources */,
			);
			buildRules = (
			);
			dependencies = (
				6ED22E5128D4B9C400A6D57A /* PBXTargetDependency */,
			);
			name = TabBarsUITests;
			productName = TabBarsUITests;
			productReference = 6ED22E4F28D4B9C400A6D57A /* TabBarsUITests.xctest */;
			productType = "com.apple.product-type.bundle.ui-testing";
		};
/* End PBXNativeTarget section */

/* Begin PBXProject section */
		6ED22E2728D4B9C300A6D57A /* Project object */ = {
			isa = PBXProject;
			attributes = {
				BuildIndependentTargetsInParallel = 1;
				LastSwiftUpdateCheck = 1340;
				LastUpgradeCheck = 1340;
				TargetAttributes = {
					6ED22E2E28D4B9C300A6D57A = {
						CreatedOnToolsVersion = 13.4.1;
					};
					6ED22E4428D4B9C400A6D57A = {
						CreatedOnToolsVersion = 13.4.1;
						TestTargetID = 6ED22E2E28D4B9C300A6D57A;
					};
					6ED22E4E28D4B9C400A6D57A = {
						CreatedOnToolsVersion = 13.4.1;
						TestTargetID = 6ED22E2E28D4B9C300A6D57A;
					};
				};
			};
			buildConfigurationList = 6ED22E2A28D4B9C300A6D57A /* Build configuration list for PBXProject "TabBars" */;
			compatibilityVersion = "Xcode 13.0";
			developmentRegion = en;
			hasScannedForEncodings = 0;
			knownRegions = (
				en,
				Base,
			);
			mainGroup = 6ED22E2628D4B9C300A6D57A;
			productRefGroup = 6ED22E3028D4B9C300A6D57A /* Products */;
			projectDirPath = "";
			projectRoot = "";
			targets = (
				6ED22E2E28D4B9C300A6D57A /* TabBars */,
				6ED22E4428D4B9C400A6D57A /* TabBarsTests */,
				6ED22E4E28D4B9C400A6D57A /* TabBarsUITests */,
			);
		};
/* End PBXProject section */

/* Begin PBXResourcesBuildPhase section */
		6ED22E2D28D4B9C300A6D57A /* Resources */ = {
			isa = PBXResourcesBuildPhase;
			buildActionMask = 2147483647;
			files = (
				6ED22E3F28D4B9C400A6D57A /* LaunchScreen.storyboard in Resources */,
				6ED22E3C28D4B9C400A6D57A /* Assets.xcassets in Resources */,
				6ED22E3A28D4B9C300A6D57A /* Main.storyboard in Resources */,
			);
			runOnlyForDeploymentPostprocessing = 0;
		};
		6ED22E4328D4B9C400A6D57A /* Resources */ = {
			isa = PBXResourcesBuildPhase;
			buildActionMask = 2147483647;
			files = (
			);
			runOnlyForDeploymentPostprocessing = 0;
		};
		6ED22E4D28D4B9C400A6D57A /* Resources */ = {
			isa = PBXResourcesBuildPhase;
			buildActionMask = 2147483647;
			files = (
			);
			runOnlyForDeploymentPostprocessing = 0;
		};
/* End PBXResourcesBuildPhase section */

/* Begin PBXSourcesBuildPhase section */
		6ED22E2B28D4B9C300A6D57A /* Sources */ = {
			isa = PBXSourcesBuildPhase;
			buildActionMask = 2147483647;
			files = (
				6EC5A93F28D4BEDC00C335DA /* OrangeViewController.swift in Sources */,
				6ED22E3728D4B9C300A6D57A /* RedViewController.swift in Sources */,
				6ED22E3328D4B9C300A6D57A /* AppDelegate.swift in Sources */,
				6ED22E3528D4B9C300A6D57A /* SceneDelegate.swift in Sources */,
			);
			runOnlyForDeploymentPostprocessing = 0;
		};
		6ED22E4128D4B9C400A6D57A /* Sources */ = {
			isa = PBXSourcesBuildPhase;
			buildActionMask = 2147483647;
			files = (
				6ED22E4A28D4B9C400A6D57A /* TabBarsTests.swift in Sources */,
			);
			runOnlyForDeploymentPostprocessing = 0;
		};
		6ED22E4B28D4B9C400A6D57A /* Sources */ = {
			isa = PBXSourcesBuildPhase;
			buildActionMask = 2147483647;
			files = (
				6ED22E5628D4B9C400A6D57A /* TabBarsUITestsLaunchTests.swift in Sources */,
				6ED22E5428D4B9C400A6D57A /* TabBarsUITests.swift in Sources */,
			);
			runOnlyForDeploymentPostprocessing = 0;
		};
/* End PBXSourcesBuildPhase section */

/* Begin PBXTargetDependency section */
		6ED22E4728D4B9C400A6D57A /* PBXTargetDependency */ = {
			isa = PBXTargetDependency;
			target = 6ED22E2E28D4B9C300A6D57A /* TabBars */;
			targetProxy = 6ED22E4628D4B9C400A6D57A /* PBXContainerItemProxy */;
		};
		6ED22E5128D4B9C400A6D57A /* PBXTargetDependency */ = {
			isa = PBXTargetDependency;
			target = 6ED22E2E28D4B9C300A6D57A /* TabBars */;
			targetProxy = 6ED22E5028D4B9C400A6D57A /* PBXContainerItemProxy */;
		};
/* End PBXTargetDependency section */

/* Begin PBXVariantGroup section */
		6ED22E3828D4B9C300A6D57A /* Main.storyboard */ = {
			isa = PBXVariantGroup;
			children = (
				6ED22E3928D4B9C300A6D57A /* Base */,
			);
			name = Main.storyboard;
			sourceTree = "<group>";
		};
		6ED22E3D28D4B9C400A6D57A /* LaunchScreen.storyboard */ = {
			isa = PBXVariantGroup;
			children = (
				6ED22E3E28D4B9C400A6D57A /* Base */,
			);
			name = LaunchScreen.storyboard;
			sourceTree = "<group>";
		};
/* End PBXVariantGroup section */

/* Begin XCBuildConfiguration section */
		6ED22E5728D4B9C400A6D57A /* Debug */ = {
			isa = XCBuildConfiguration;
			buildSettings = {
				ALWAYS_SEARCH_USER_PATHS = NO;
				CLANG_ANALYZER_NONNULL = YES;
				CLANG_ANALYZER_NUMBER_OBJECT_CONVERSION = YES_AGGRESSIVE;
				CLANG_CXX_LANGUAGE_STANDARD = "gnu++17";
				CLANG_ENABLE_MODULES = YES;
				CLANG_ENABLE_OBJC_ARC = YES;
				CLANG_ENABLE_OBJC_WEAK = YES;
				CLANG_WARN_BLOCK_CAPTURE_AUTORELEASING = YES;
				CLANG_WARN_BOOL_CONVERSION = YES;
				CLANG_WARN_COMMA = YES;
				CLANG_WARN_CONSTANT_CONVERSION = YES;
				CLANG_WARN_DEPRECATED_OBJC_IMPLEMENTATIONS = YES;
				CLANG_WARN_DIRECT_OBJC_ISA_USAGE = YES_ERROR;
				CLANG_WARN_DOCUMENTATION_COMMENTS = YES;
				CLANG_WARN_EMPTY_BODY = YES;
				CLANG_WARN_ENUM_CONVERSION = YES;
				CLANG_WARN_INFINITE_RECURSION = YES;
				CLANG_WARN_INT_CONVERSION = YES;
				CLANG_WARN_NON_LITERAL_NULL_CONVERSION = YES;
				CLANG_WARN_OBJC_IMPLICIT_RETAIN_SELF = YES;
				CLANG_WARN_OBJC_LITERAL_CONVERSION = YES;
				CLANG_WARN_OBJC_ROOT_CLASS = YES_ERROR;
				CLANG_WARN_QUOTED_INCLUDE_IN_FRAMEWORK_HEADER = YES;
				CLANG_WARN_RANGE_LOOP_ANALYSIS = YES;
				CLANG_WARN_STRICT_PROTOTYPES = YES;
				CLANG_WARN_SUSPICIOUS_MOVE = YES;
				CLANG_WARN_UNGUARDED_AVAILABILITY = YES_AGGRESSIVE;
				CLANG_WARN_UNREACHABLE_CODE = YES;
				CLANG_WARN__DUPLICATE_METHOD_MATCH = YES;
				COPY_PHASE_STRIP = NO;
				DEBUG_INFORMATION_FORMAT = dwarf;
				ENABLE_STRICT_OBJC_MSGSEND = YES;
				ENABLE_TESTABILITY = YES;
				GCC_C_LANGUAGE_STANDARD = gnu11;
				GCC_DYNAMIC_NO_PIC = NO;
				GCC_NO_COMMON_BLOCKS = YES;
				GCC_OPTIMIZATION_LEVEL = 0;
				GCC_PREPROCESSOR_DEFINITIONS = (
					"DEBUG=1",
					"$(inherited)",
				);
				GCC_WARN_64_TO_32_BIT_CONVERSION = YES;
				GCC_WARN_ABOUT_RETURN_TYPE = YES_ERROR;
				GCC_WARN_UNDECLARED_SELECTOR = YES;
				GCC_WARN_UNINITIALIZED_AUTOS = YES_AGGRESSIVE;
				GCC_WARN_UNUSED_FUNCTION = YES;
				GCC_WARN_UNUSED_VARIABLE = YES;
				IPHONEOS_DEPLOYMENT_TARGET = 15.5;
				MTL_ENABLE_DEBUG_INFO = INCLUDE_SOURCE;
				MTL_FAST_MATH = YES;
				ONLY_ACTIVE_ARCH = YES;
				SDKROOT = iphoneos;
				SWIFT_ACTIVE_COMPILATION_CONDITIONS = DEBUG;
				SWIFT_OPTIMIZATION_LEVEL = "-Onone";
			};
			name = Debug;
		};
		6ED22E5828D4B9C400A6D57A /* Release */ = {
			isa = XCBuildConfiguration;
			buildSettings = {
				ALWAYS_SEARCH_USER_PATHS = NO;
				CLANG_ANALYZER_NONNULL = YES;
				CLANG_ANALYZER_NUMBER_OBJECT_CONVERSION = YES_AGGRESSIVE;
				CLANG_CXX_LANGUAGE_STANDARD = "gnu++17";
				CLANG_ENABLE_MODULES = YES;
				CLANG_ENABLE_OBJC_ARC = YES;
				CLANG_ENABLE_OBJC_WEAK = YES;
				CLANG_WARN_BLOCK_CAPTURE_AUTORELEASING = YES;
				CLANG_WARN_BOOL_CONVERSION = YES;
				CLANG_WARN_COMMA = YES;
				CLANG_WARN_CONSTANT_CONVERSION = YES;
				CLANG_WARN_DEPRECATED_OBJC_IMPLEMENTATIONS = YES;
				CLANG_WARN_DIRECT_OBJC_ISA_USAGE = YES_ERROR;
				CLANG_WARN_DOCUMENTATION_COMMENTS = YES;
				CLANG_WARN_EMPTY_BODY = YES;
				CLANG_WARN_ENUM_CONVERSION = YES;
				CLANG_WARN_INFINITE_RECURSION = YES;
				CLANG_WARN_INT_CONVERSION = YES;
				CLANG_WARN_NON_LITERAL_NULL_CONVERSION = YES;
				CLANG_WARN_OBJC_IMPLICIT_RETAIN_SELF = YES;
				CLANG_WARN_OBJC_LITERAL_CONVERSION = YES;
				CLANG_WARN_OBJC_ROOT_CLASS = YES_ERROR;
				CLANG_WARN_QUOTED_INCLUDE_IN_FRAMEWORK_HEADER = YES;
				CLANG_WARN_RANGE_LOOP_ANALYSIS = YES;
				CLANG_WARN_STRICT_PROTOTYPES = YES;
				CLANG_WARN_SUSPICIOUS_MOVE = YES;
				CLANG_WARN_UNGUARDED_AVAILABILITY = YES_AGGRESSIVE;
				CLANG_WARN_UNREACHABLE_CODE = YES;
				CLANG_WARN__DUPLICATE_METHOD_MATCH = YES;
				COPY_PHASE_STRIP = NO;
				DEBUG_INFORMATION_FORMAT = "dwarf-with-dsym";
				ENABLE_NS_ASSERTIONS = NO;
				ENABLE_STRICT_OBJC_MSGSEND = YES;
				GCC_C_LANGUAGE_STANDARD = gnu11;
				GCC_NO_COMMON_BLOCKS = YES;
				GCC_WARN_64_TO_32_BIT_CONVERSION = YES;
				GCC_WARN_ABOUT_RETURN_TYPE = YES_ERROR;
				GCC_WARN_UNDECLARED_SELECTOR = YES;
				GCC_WARN_UNINITIALIZED_AUTOS = YES_AGGRESSIVE;
				GCC_WARN_UNUSED_FUNCTION = YES;
				GCC_WARN_UNUSED_VARIABLE = YES;
				IPHONEOS_DEPLOYMENT_TARGET = 15.5;
				MTL_ENABLE_DEBUG_INFO = NO;
				MTL_FAST_MATH = YES;
				SDKROOT = iphoneos;
				SWIFT_COMPILATION_MODE = wholemodule;
				SWIFT_OPTIMIZATION_LEVEL = "-O";
				VALIDATE_PRODUCT = YES;
			};
			name = Release;
		};
		6ED22E5A28D4B9C400A6D57A /* Debug */ = {
			isa = XCBuildConfiguration;
			buildSettings = {
				ASSETCATALOG_COMPILER_APPICON_NAME = AppIcon;
				ASSETCATALOG_COMPILER_GLOBAL_ACCENT_COLOR_NAME = AccentColor;
				CODE_SIGN_STYLE = Automatic;
				CURRENT_PROJECT_VERSION = 1;
				DEVELOPMENT_TEAM = 44ACMKKR6R;
				GENERATE_INFOPLIST_FILE = YES;
				INFOPLIST_FILE = TabBars/Info.plist;
				INFOPLIST_KEY_UIApplicationSupportsIndirectInputEvents = YES;
				INFOPLIST_KEY_UILaunchStoryboardName = LaunchScreen;
				INFOPLIST_KEY_UIMainStoryboardFile = Main;
				INFOPLIST_KEY_UISupportedInterfaceOrientations_iPad = "UIInterfaceOrientationPortrait UIInterfaceOrientationPortraitUpsideDown UIInterfaceOrientationLandscapeLeft UIInterfaceOrientationLandscapeRight";
				INFOPLIST_KEY_UISupportedInterfaceOrientations_iPhone = "UIInterfaceOrientationPortrait UIInterfaceOrientationLandscapeLeft UIInterfaceOrientationLandscapeRight";
				LD_RUNPATH_SEARCH_PATHS = (
					"$(inherited)",
					"@executable_path/Frameworks",
				);
				MARKETING_VERSION = 1.0;
				PRODUCT_BUNDLE_IDENTIFIER = class.TabBars;
				PRODUCT_NAME = "$(TARGET_NAME)";
				SWIFT_EMIT_LOC_STRINGS = YES;
				SWIFT_VERSION = 5.0;
				TARGETED_DEVICE_FAMILY = "1,2";
			};
			name = Debug;
		};
		6ED22E5B28D4B9C400A6D57A /* Release */ = {
			isa = XCBuildConfiguration;
			buildSettings = {
				ASSETCATALOG_COMPILER_APPICON_NAME = AppIcon;
				ASSETCATALOG_COMPILER_GLOBAL_ACCENT_COLOR_NAME = AccentColor;
				CODE_SIGN_STYLE = Automatic;
				CURRENT_PROJECT_VERSION = 1;
				DEVELOPMENT_TEAM = 44ACMKKR6R;
				GENERATE_INFOPLIST_FILE = YES;
				INFOPLIST_FILE = TabBars/Info.plist;
				INFOPLIST_KEY_UIApplicationSupportsIndirectInputEvents = YES;
				INFOPLIST_KEY_UILaunchStoryboardName = LaunchScreen;
				INFOPLIST_KEY_UIMainStoryboardFile = Main;
				INFOPLIST_KEY_UISupportedInterfaceOrientations_iPad = "UIInterfaceOrientationPortrait UIInterfaceOrientationPortraitUpsideDown UIInterfaceOrientationLandscapeLeft UIInterfaceOrientationLandscapeRight";
				INFOPLIST_KEY_UISupportedInterfaceOrientations_iPhone = "UIInterfaceOrientationPortrait UIInterfaceOrientationLandscapeLeft UIInterfaceOrientationLandscapeRight";
				LD_RUNPATH_SEARCH_PATHS = (
					"$(inherited)",
					"@executable_path/Frameworks",
				);
				MARKETING_VERSION = 1.0;
				PRODUCT_BUNDLE_IDENTIFIER = class.TabBars;
				PRODUCT_NAME = "$(TARGET_NAME)";
				SWIFT_EMIT_LOC_STRINGS = YES;
				SWIFT_VERSION = 5.0;
				TARGETED_DEVICE_FAMILY = "1,2";
			};
			name = Release;
		};
		6ED22E5D28D4B9C400A6D57A /* Debug */ = {
			isa = XCBuildConfiguration;
			buildSettings = {
				ALWAYS_EMBED_SWIFT_STANDARD_LIBRARIES = YES;
				BUNDLE_LOADER = "$(TEST_HOST)";
				CODE_SIGN_STYLE = Automatic;
				CURRENT_PROJECT_VERSION = 1;
				DEVELOPMENT_TEAM = 44ACMKKR6R;
				GENERATE_INFOPLIST_FILE = YES;
				IPHONEOS_DEPLOYMENT_TARGET = 15.5;
				MARKETING_VERSION = 1.0;
				PRODUCT_BUNDLE_IDENTIFIER = class.TabBarsTests;
				PRODUCT_NAME = "$(TARGET_NAME)";
				SWIFT_EMIT_LOC_STRINGS = NO;
				SWIFT_VERSION = 5.0;
				TARGETED_DEVICE_FAMILY = "1,2";
				TEST_HOST = "$(BUILT_PRODUCTS_DIR)/TabBars.app/TabBars";
			};
			name = Debug;
		};
		6ED22E5E28D4B9C400A6D57A /* Release */ = {
			isa = XCBuildConfiguration;
			buildSettings = {
				ALWAYS_EMBED_SWIFT_STANDARD_LIBRARIES = YES;
				BUNDLE_LOADER = "$(TEST_HOST)";
				CODE_SIGN_STYLE = Automatic;
				CURRENT_PROJECT_VERSION = 1;
				DEVELOPMENT_TEAM = 44ACMKKR6R;
				GENERATE_INFOPLIST_FILE = YES;
				IPHONEOS_DEPLOYMENT_TARGET = 15.5;
				MARKETING_VERSION = 1.0;
				PRODUCT_BUNDLE_IDENTIFIER = class.TabBarsTests;
				PRODUCT_NAME = "$(TARGET_NAME)";
				SWIFT_EMIT_LOC_STRINGS = NO;
				SWIFT_VERSION = 5.0;
				TARGETED_DEVICE_FAMILY = "1,2";
				TEST_HOST = "$(BUILT_PRODUCTS_DIR)/TabBars.app/TabBars";
			};
			name = Release;
		};
		6ED22E6028D4B9C400A6D57A /* Debug */ = {
			isa = XCBuildConfiguration;
			buildSettings = {
				ALWAYS_EMBED_SWIFT_STANDARD_LIBRARIES = YES;
				CODE_SIGN_STYLE = Automatic;
				CURRENT_PROJECT_VERSION = 1;
				DEVELOPMENT_TEAM = 44ACMKKR6R;
				GENERATE_INFOPLIST_FILE = YES;
				MARKETING_VERSION = 1.0;
				PRODUCT_BUNDLE_IDENTIFIER = class.TabBarsUITests;
				PRODUCT_NAME = "$(TARGET_NAME)";
				SWIFT_EMIT_LOC_STRINGS = NO;
				SWIFT_VERSION = 5.0;
				TARGETED_DEVICE_FAMILY = "1,2";
				TEST_TARGET_NAME = TabBars;
			};
			name = Debug;
		};
		6ED22E6128D4B9C400A6D57A /* Release */ = {
			isa = XCBuildConfiguration;
			buildSettings = {
				ALWAYS_EMBED_SWIFT_STANDARD_LIBRARIES = YES;
				CODE_SIGN_STYLE = Automatic;
				CURRENT_PROJECT_VERSION = 1;
				DEVELOPMENT_TEAM = 44ACMKKR6R;
				GENERATE_INFOPLIST_FILE = YES;
				MARKETING_VERSION = 1.0;
				PRODUCT_BUNDLE_IDENTIFIER = class.TabBarsUITests;
				PRODUCT_NAME = "$(TARGET_NAME)";
				SWIFT_EMIT_LOC_STRINGS = NO;
				SWIFT_VERSION = 5.0;
				TARGETED_DEVICE_FAMILY = "1,2";
				TEST_TARGET_NAME = TabBars;
			};
			name = Release;
		};
/* End XCBuildConfiguration section */

/* Begin XCConfigurationList section */
		6ED22E2A28D4B9C300A6D57A /* Build configuration list for PBXProject "TabBars" */ = {
			isa = XCConfigurationList;
			buildConfigurations = (
				6ED22E5728D4B9C400A6D57A /* Debug */,
				6ED22E5828D4B9C400A6D57A /* Release */,
			);
			defaultConfigurationIsVisible = 0;
			defaultConfigurationName = Release;
		};
		6ED22E5928D4B9C400A6D57A /* Build configuration list for PBXNativeTarget "TabBars" */ = {
			isa = XCConfigurationList;
			buildConfigurations = (
				6ED22E5A28D4B9C400A6D57A /* Debug */,
				6ED22E5B28D4B9C400A6D57A /* Release */,
			);
			defaultConfigurationIsVisible = 0;
			defaultConfigurationName = Release;
		};
		6ED22E5C28D4B9C400A6D57A /* Build configuration list for PBXNativeTarget "TabBarsTests" */ = {
			isa = XCConfigurationList;
			buildConfigurations = (
				6ED22E5D28D4B9C400A6D57A /* Debug */,
				6ED22E5E28D4B9C400A6D57A /* Release */,
			);
			defaultConfigurationIsVisible = 0;
			defaultConfigurationName = Release;
		};
		6ED22E5F28D4B9C400A6D57A /* Build configuration list for PBXNativeTarget "TabBarsUITests" */ = {
			isa = XCConfigurationList;
			buildConfigurations = (
				6ED22E6028D4B9C400A6D57A /* Debug */,
				6ED22E6128D4B9C400A6D57A /* Release */,
			);
			defaultConfigurationIsVisible = 0;
			defaultConfigurationName = Release;
		};
/* End XCConfigurationList section */
	};
	rootObject = 6ED22E2728D4B9C300A6D57A /* Project object */;
}
